// !$*UTF8*$!
{
	archiveVersion = 1;
	classes = {
	};
	objectVersion = 56;
	objects = {

/* Begin PBXBuildFile section */
		E013516D2C332962009FC804 /* ContactDataManager.swift in Sources */ = {isa = PBXBuildFile; fileRef = E013516C2C332962009FC804 /* ContactDataManager.swift */; };
		E013516F2C332FA5009FC804 /* SearchUsersResponse.swift in Sources */ = {isa = PBXBuildFile; fileRef = E013516E2C332FA5009FC804 /* SearchUsersResponse.swift */; };
		E01351712C33303F009FC804 /* SearchUsersQuery.swift in Sources */ = {isa = PBXBuildFile; fileRef = E01351702C33303F009FC804 /* SearchUsersQuery.swift */; };
		E01351732C333206009FC804 /* ContactsViewModel.swift in Sources */ = {isa = PBXBuildFile; fileRef = E01351722C333206009FC804 /* ContactsViewModel.swift */; };
		E01493AB2C15B588001A3C1C /* Checkbox.swift in Sources */ = {isa = PBXBuildFile; fileRef = E01493AA2C15B588001A3C1C /* Checkbox.swift */; };
		E01493AD2C15B82F001A3C1C /* LoginView.swift in Sources */ = {isa = PBXBuildFile; fileRef = E01493AC2C15B82F001A3C1C /* LoginView.swift */; };
		E01493AF2C15BDBB001A3C1C /* ForgotPasswordView.swift in Sources */ = {isa = PBXBuildFile; fileRef = E01493AE2C15BDBB001A3C1C /* ForgotPasswordView.swift */; };
		E01493B12C15C466001A3C1C /* FirebaseManager.swift in Sources */ = {isa = PBXBuildFile; fileRef = E01493B02C15C466001A3C1C /* FirebaseManager.swift */; };
		E01493B52C15D1EB001A3C1C /* RegisterViewModel.swift in Sources */ = {isa = PBXBuildFile; fileRef = E01493B42C15D1EB001A3C1C /* RegisterViewModel.swift */; };
		E017A1B82C413B130070968F /* EmptyListMessage.swift in Sources */ = {isa = PBXBuildFile; fileRef = E017A1B72C413B130070968F /* EmptyListMessage.swift */; };
		E023D7102C14D00100F2C0EA /* StartView.swift in Sources */ = {isa = PBXBuildFile; fileRef = E023D70F2C14D00100F2C0EA /* StartView.swift */; };
		E023D7152C14E7FC00F2C0EA /* FormButton.swift in Sources */ = {isa = PBXBuildFile; fileRef = E023D7142C14E7FC00F2C0EA /* FormButton.swift */; };
		E023D7182C14EC9E00F2C0EA /* TopMessage.swift in Sources */ = {isa = PBXBuildFile; fileRef = E023D7172C14EC9E00F2C0EA /* TopMessage.swift */; };
		E023D71A2C14EF6D00F2C0EA /* StartImage.swift in Sources */ = {isa = PBXBuildFile; fileRef = E023D7192C14EF6D00F2C0EA /* StartImage.swift */; };
		E023D71C2C14F5F500F2C0EA /* RegisterView.swift in Sources */ = {isa = PBXBuildFile; fileRef = E023D71B2C14F5F500F2C0EA /* RegisterView.swift */; };
		E023D71E2C14FD1800F2C0EA /* FormInput.swift in Sources */ = {isa = PBXBuildFile; fileRef = E023D71D2C14FD1800F2C0EA /* FormInput.swift */; };
		E023D7202C14FF6400F2C0EA /* PasswordField.swift in Sources */ = {isa = PBXBuildFile; fileRef = E023D71F2C14FF6400F2C0EA /* PasswordField.swift */; };
		E02608D02C4FD5D700C9FE0D /* ChatItem.swift in Sources */ = {isa = PBXBuildFile; fileRef = E02608CF2C4FD5D700C9FE0D /* ChatItem.swift */; };
		E02B22DC2C5013E300E1F6F3 /* DummyChat.swift in Sources */ = {isa = PBXBuildFile; fileRef = E02B22DB2C5013E300E1F6F3 /* DummyChat.swift */; };
		E02B22DE2C50147000E1F6F3 /* DummyChatMember.swift in Sources */ = {isa = PBXBuildFile; fileRef = E02B22DD2C50147000E1F6F3 /* DummyChatMember.swift */; };
		E02B22E02C5014E000E1F6F3 /* DummyMessage.swift in Sources */ = {isa = PBXBuildFile; fileRef = E02B22DF2C5014E000E1F6F3 /* DummyMessage.swift */; };
		E02B22E22C503EA400E1F6F3 /* ChatListHeader.swift in Sources */ = {isa = PBXBuildFile; fileRef = E02B22E12C503EA400E1F6F3 /* ChatListHeader.swift */; };
		E03748782C29A49D000DA010 /* SettingsItem.swift in Sources */ = {isa = PBXBuildFile; fileRef = E03748772C29A49D000DA010 /* SettingsItem.swift */; };
		E037487E2C29B34C000DA010 /* ExpandedUserImage.swift in Sources */ = {isa = PBXBuildFile; fileRef = E037487D2C29B34C000DA010 /* ExpandedUserImage.swift */; };
		E03748802C29B6CD000DA010 /* ChangeUserImageView.swift in Sources */ = {isa = PBXBuildFile; fileRef = E037487F2C29B6CD000DA010 /* ChangeUserImageView.swift */; };
		E03748842C29C76F000DA010 /* SettingsTextField.swift in Sources */ = {isa = PBXBuildFile; fileRef = E03748832C29C76F000DA010 /* SettingsTextField.swift */; };
		E037488A2C29D4FC000DA010 /* SettingsInfoType.swift in Sources */ = {isa = PBXBuildFile; fileRef = E03748892C29D4FC000DA010 /* SettingsInfoType.swift */; };
		E03748902C29E70F000DA010 /* ThemePicker.swift in Sources */ = {isa = PBXBuildFile; fileRef = E037488F2C29E70F000DA010 /* ThemePicker.swift */; };
		E03748942C29E75C000DA010 /* ThemeType.swift in Sources */ = {isa = PBXBuildFile; fileRef = E03748932C29E75C000DA010 /* ThemeType.swift */; };
		E03C6D522C2B4D5200DD7942 /* DefaultUserImage.swift in Sources */ = {isa = PBXBuildFile; fileRef = E03C6D512C2B4D5200DD7942 /* DefaultUserImage.swift */; };
		E0405FE82C51235A00E9B26B /* SelectContactItem.swift in Sources */ = {isa = PBXBuildFile; fileRef = E0405FE72C51235A00E9B26B /* SelectContactItem.swift */; };
		E0405FEA2C51248D00E9B26B /* SelectContactView.swift in Sources */ = {isa = PBXBuildFile; fileRef = E0405FE92C51248D00E9B26B /* SelectContactView.swift */; };
		E0405FEC2C51253A00E9B26B /* SelectContactViewModel.swift in Sources */ = {isa = PBXBuildFile; fileRef = E0405FEB2C51253A00E9B26B /* SelectContactViewModel.swift */; };
		E04B0A862C4EFE33005ED03F /* ChatMember.swift in Sources */ = {isa = PBXBuildFile; fileRef = E04B0A852C4EFE33005ED03F /* ChatMember.swift */; };
		E04B0A882C4EFEF6005ED03F /* Message.swift in Sources */ = {isa = PBXBuildFile; fileRef = E04B0A872C4EFEF6005ED03F /* Message.swift */; };
		E04B0A8A2C4F002C005ED03F /* Chat.swift in Sources */ = {isa = PBXBuildFile; fileRef = E04B0A892C4F002C005ED03F /* Chat.swift */; };
		E04B0A8C2C4F0085005ED03F /* CreateChatData.swift in Sources */ = {isa = PBXBuildFile; fileRef = E04B0A8B2C4F0085005ED03F /* CreateChatData.swift */; };
		E04B0A8E2C4F00CD005ED03F /* CreateMessageData.swift in Sources */ = {isa = PBXBuildFile; fileRef = E04B0A8D2C4F00CD005ED03F /* CreateMessageData.swift */; };
		E04B0A902C4F013E005ED03F /* EmojiReaction.swift in Sources */ = {isa = PBXBuildFile; fileRef = E04B0A8F2C4F013E005ED03F /* EmojiReaction.swift */; };
		E04B0A932C4F01BE005ED03F /* UpsertEmojiReactionData.swift in Sources */ = {isa = PBXBuildFile; fileRef = E04B0A922C4F01BE005ED03F /* UpsertEmojiReactionData.swift */; };
		E04B0A952C4F0206005ED03F /* EditMessageData.swift in Sources */ = {isa = PBXBuildFile; fileRef = E04B0A942C4F0206005ED03F /* EditMessageData.swift */; };
		E0568CCC2C26EE4B003E9245 /* UserImage.swift in Sources */ = {isa = PBXBuildFile; fileRef = E0568CCB2C26EE4B003E9245 /* UserImage.swift */; };
		E0568CCF2C26EF55003E9245 /* ImagePlaceholder.swift in Sources */ = {isa = PBXBuildFile; fileRef = E0568CCE2C26EF55003E9245 /* ImagePlaceholder.swift */; };
		E0568CD12C26EFEA003E9245 /* ImageManager.swift in Sources */ = {isa = PBXBuildFile; fileRef = E0568CD02C26EFEA003E9245 /* ImageManager.swift */; };
		E0568CD32C26F40A003E9245 /* SettingsView.swift in Sources */ = {isa = PBXBuildFile; fileRef = E0568CD22C26F40A003E9245 /* SettingsView.swift */; };
		E05CC67E2C24BBA1009241C8 /* UserResponse.swift in Sources */ = {isa = PBXBuildFile; fileRef = E05CC67D2C24BBA1009241C8 /* UserResponse.swift */; };
		E05CC6802C24C2A5009241C8 /* User.swift in Sources */ = {isa = PBXBuildFile; fileRef = E05CC67F2C24C2A5009241C8 /* User.swift */; };
		E05DE5F72C2EAEC700EDA947 /* DummyUser.swift in Sources */ = {isa = PBXBuildFile; fileRef = E05DE5F62C2EAEC700EDA947 /* DummyUser.swift */; };
		E0623BC22C3FEF36008380B5 /* ContactModalItem.swift in Sources */ = {isa = PBXBuildFile; fileRef = E0623BC12C3FEF36008380B5 /* ContactModalItem.swift */; };
		E0802F102C3ED39500A69EA5 /* ContactItem.swift in Sources */ = {isa = PBXBuildFile; fileRef = E0802F0F2C3ED39500A69EA5 /* ContactItem.swift */; };
		E0CAF99A2C2A097100C02C34 /* UpdateUsernameData.swift in Sources */ = {isa = PBXBuildFile; fileRef = E0CAF9992C2A097100C02C34 /* UpdateUsernameData.swift */; };
		E0CAF99C2C2A0A8300C02C34 /* UpdateUserAboutData.swift in Sources */ = {isa = PBXBuildFile; fileRef = E0CAF99B2C2A0A8300C02C34 /* UpdateUserAboutData.swift */; };
		E0CAF99E2C2A0B5700C02C34 /* UpdateUserImageData.swift in Sources */ = {isa = PBXBuildFile; fileRef = E0CAF99D2C2A0B5700C02C34 /* UpdateUserImageData.swift */; };
		E0CAF9A02C2A0C6D00C02C34 /* SettingsViewModel.swift in Sources */ = {isa = PBXBuildFile; fileRef = E0CAF99F2C2A0C6D00C02C34 /* SettingsViewModel.swift */; };
		E0CBB6C52C485645004337ED /* CreateContactDto.swift in Sources */ = {isa = PBXBuildFile; fileRef = E0CBB6C42C485645004337ED /* CreateContactDto.swift */; };
		E0CBB6C72C485796004337ED /* ContactResponse.swift in Sources */ = {isa = PBXBuildFile; fileRef = E0CBB6C62C485796004337ED /* ContactResponse.swift */; };
		E0CC41952C2DE190009D765F /* ImagePicker.swift in Sources */ = {isa = PBXBuildFile; fileRef = E0CC41942C2DE190009D765F /* ImagePicker.swift */; };
		E0D2AA1C2C13B5610042535A /* StormApp.swift in Sources */ = {isa = PBXBuildFile; fileRef = E0D2AA1B2C13B5610042535A /* StormApp.swift */; };
		E0D2AA1E2C13B5610042535A /* ContentView.swift in Sources */ = {isa = PBXBuildFile; fileRef = E0D2AA1D2C13B5610042535A /* ContentView.swift */; };
		E0D2AA202C13B5620042535A /* Assets.xcassets in Resources */ = {isa = PBXBuildFile; fileRef = E0D2AA1F2C13B5620042535A /* Assets.xcassets */; };
		E0D2AA232C13B5620042535A /* Preview Assets.xcassets in Resources */ = {isa = PBXBuildFile; fileRef = E0D2AA222C13B5620042535A /* Preview Assets.xcassets */; };
		E0D2AA2D2C13B5620042535A /* StormTests.swift in Sources */ = {isa = PBXBuildFile; fileRef = E0D2AA2C2C13B5620042535A /* StormTests.swift */; };
		E0D2AA372C13B5620042535A /* StormUITests.swift in Sources */ = {isa = PBXBuildFile; fileRef = E0D2AA362C13B5620042535A /* StormUITests.swift */; };
		E0D2AA392C13B5620042535A /* StormUITestsLaunchTests.swift in Sources */ = {isa = PBXBuildFile; fileRef = E0D2AA382C13B5620042535A /* StormUITestsLaunchTests.swift */; };
		E0D2AA462C13B62F0042535A /* GoogleService-Info.plist in Resources */ = {isa = PBXBuildFile; fileRef = E0D2AA452C13B62F0042535A /* GoogleService-Info.plist */; };
		E0DBF0732C25AC450014BDD8 /* LoginInfo.swift in Sources */ = {isa = PBXBuildFile; fileRef = E0DBF0722C25AC450014BDD8 /* LoginInfo.swift */; };
		E0DBF0752C25B49E0014BDD8 /* LoginViewModel.swift in Sources */ = {isa = PBXBuildFile; fileRef = E0DBF0742C25B49E0014BDD8 /* LoginViewModel.swift */; };
		E0DDE6392C407BAE002E3CA5 /* Debouncer.swift in Sources */ = {isa = PBXBuildFile; fileRef = E0DDE6382C407BAE002E3CA5 /* Debouncer.swift */; };
		E0DDE63D2C408346002E3CA5 /* AddContactsView.swift in Sources */ = {isa = PBXBuildFile; fileRef = E0DDE63C2C408346002E3CA5 /* AddContactsView.swift */; };
		E0DDE63F2C408367002E3CA5 /* AddContactsViewModel.swift in Sources */ = {isa = PBXBuildFile; fileRef = E0DDE63E2C408367002E3CA5 /* AddContactsViewModel.swift */; };
		E0DDE6432C408782002E3CA5 /* FloatingActionButton.swift in Sources */ = {isa = PBXBuildFile; fileRef = E0DDE6422C408782002E3CA5 /* FloatingActionButton.swift */; };
		E0DFE6AC2C22E60700F78184 /* DataManager.swift in Sources */ = {isa = PBXBuildFile; fileRef = E0DFE6AB2C22E60700F78184 /* DataManager.swift */; };
		E0DFE6AE2C22E65300F78184 /* RequestTypes.swift in Sources */ = {isa = PBXBuildFile; fileRef = E0DFE6AD2C22E65300F78184 /* RequestTypes.swift */; };
		E0DFE6B02C22E8A800F78184 /* Endpoints.swift in Sources */ = {isa = PBXBuildFile; fileRef = E0DFE6AF2C22E8A800F78184 /* Endpoints.swift */; };
		E0ECB3642C26101900D8CEB2 /* ContactsView.swift in Sources */ = {isa = PBXBuildFile; fileRef = E0ECB3632C26101900D8CEB2 /* ContactsView.swift */; };
		E0ECB3662C26104F00D8CEB2 /* HomeView.swift in Sources */ = {isa = PBXBuildFile; fileRef = E0ECB3652C26104F00D8CEB2 /* HomeView.swift */; };
		E0ECB3682C2610F200D8CEB2 /* ChatListView.swift in Sources */ = {isa = PBXBuildFile; fileRef = E0ECB3672C2610F200D8CEB2 /* ChatListView.swift */; };
		E0ECB36B2C26116D00D8CEB2 /* FormInputType.swift in Sources */ = {isa = PBXBuildFile; fileRef = E0ECB36A2C26116D00D8CEB2 /* FormInputType.swift */; };
		E0ECB36D2C2611AE00D8CEB2 /* TabScreenType.swift in Sources */ = {isa = PBXBuildFile; fileRef = E0ECB36C2C2611AE00D8CEB2 /* TabScreenType.swift */; };
		E0FD9DE42C2411D2008B3AC8 /* RegisterInfo.swift in Sources */ = {isa = PBXBuildFile; fileRef = E0FD9DE32C2411D2008B3AC8 /* RegisterInfo.swift */; };
		E0FD9DE82C241823008B3AC8 /* Utils.swift in Sources */ = {isa = PBXBuildFile; fileRef = E0FD9DE72C241823008B3AC8 /* Utils.swift */; };
		E0FD9DED2C2423C4008B3AC8 /* UserDataManager.swift in Sources */ = {isa = PBXBuildFile; fileRef = E0FD9DEC2C2423C3008B3AC8 /* UserDataManager.swift */; };
		E0FD9DEF2C24252C008B3AC8 /* SuccessMessage.swift in Sources */ = {isa = PBXBuildFile; fileRef = E0FD9DEE2C24252C008B3AC8 /* SuccessMessage.swift */; };
/* End PBXBuildFile section */

/* Begin PBXContainerItemProxy section */
		E0D2AA292C13B5620042535A /* PBXContainerItemProxy */ = {
			isa = PBXContainerItemProxy;
			containerPortal = E0D2AA102C13B5610042535A /* Project object */;
			proxyType = 1;
			remoteGlobalIDString = E0D2AA172C13B5610042535A;
			remoteInfo = Storm;
		};
		E0D2AA332C13B5620042535A /* PBXContainerItemProxy */ = {
			isa = PBXContainerItemProxy;
			containerPortal = E0D2AA102C13B5610042535A /* Project object */;
			proxyType = 1;
			remoteGlobalIDString = E0D2AA172C13B5610042535A;
			remoteInfo = Storm;
		};
/* End PBXContainerItemProxy section */

/* Begin PBXFileReference section */
		E013516C2C332962009FC804 /* ContactDataManager.swift */ = {isa = PBXFileReference; lastKnownFileType = sourcecode.swift; path = ContactDataManager.swift; sourceTree = "<group>"; };
		E013516E2C332FA5009FC804 /* SearchUsersResponse.swift */ = {isa = PBXFileReference; lastKnownFileType = sourcecode.swift; path = SearchUsersResponse.swift; sourceTree = "<group>"; };
		E01351702C33303F009FC804 /* SearchUsersQuery.swift */ = {isa = PBXFileReference; lastKnownFileType = sourcecode.swift; path = SearchUsersQuery.swift; sourceTree = "<group>"; };
		E01351722C333206009FC804 /* ContactsViewModel.swift */ = {isa = PBXFileReference; lastKnownFileType = sourcecode.swift; path = ContactsViewModel.swift; sourceTree = "<group>"; };
		E01493AA2C15B588001A3C1C /* Checkbox.swift */ = {isa = PBXFileReference; lastKnownFileType = sourcecode.swift; path = Checkbox.swift; sourceTree = "<group>"; };
		E01493AC2C15B82F001A3C1C /* LoginView.swift */ = {isa = PBXFileReference; lastKnownFileType = sourcecode.swift; path = LoginView.swift; sourceTree = "<group>"; };
		E01493AE2C15BDBB001A3C1C /* ForgotPasswordView.swift */ = {isa = PBXFileReference; lastKnownFileType = sourcecode.swift; path = ForgotPasswordView.swift; sourceTree = "<group>"; };
		E01493B02C15C466001A3C1C /* FirebaseManager.swift */ = {isa = PBXFileReference; lastKnownFileType = sourcecode.swift; path = FirebaseManager.swift; sourceTree = "<group>"; };
		E01493B42C15D1EB001A3C1C /* RegisterViewModel.swift */ = {isa = PBXFileReference; lastKnownFileType = sourcecode.swift; path = RegisterViewModel.swift; sourceTree = "<group>"; };
		E017A1B72C413B130070968F /* EmptyListMessage.swift */ = {isa = PBXFileReference; lastKnownFileType = sourcecode.swift; path = EmptyListMessage.swift; sourceTree = "<group>"; };
		E023D70F2C14D00100F2C0EA /* StartView.swift */ = {isa = PBXFileReference; lastKnownFileType = sourcecode.swift; path = StartView.swift; sourceTree = "<group>"; };
		E023D7142C14E7FC00F2C0EA /* FormButton.swift */ = {isa = PBXFileReference; lastKnownFileType = sourcecode.swift; path = FormButton.swift; sourceTree = "<group>"; };
		E023D7172C14EC9E00F2C0EA /* TopMessage.swift */ = {isa = PBXFileReference; lastKnownFileType = sourcecode.swift; path = TopMessage.swift; sourceTree = "<group>"; };
		E023D7192C14EF6D00F2C0EA /* StartImage.swift */ = {isa = PBXFileReference; lastKnownFileType = sourcecode.swift; path = StartImage.swift; sourceTree = "<group>"; };
		E023D71B2C14F5F500F2C0EA /* RegisterView.swift */ = {isa = PBXFileReference; lastKnownFileType = sourcecode.swift; path = RegisterView.swift; sourceTree = "<group>"; };
		E023D71D2C14FD1800F2C0EA /* FormInput.swift */ = {isa = PBXFileReference; lastKnownFileType = sourcecode.swift; path = FormInput.swift; sourceTree = "<group>"; };
		E023D71F2C14FF6400F2C0EA /* PasswordField.swift */ = {isa = PBXFileReference; lastKnownFileType = sourcecode.swift; path = PasswordField.swift; sourceTree = "<group>"; };
		E02608CF2C4FD5D700C9FE0D /* ChatItem.swift */ = {isa = PBXFileReference; lastKnownFileType = sourcecode.swift; path = ChatItem.swift; sourceTree = "<group>"; };
		E02B22DB2C5013E300E1F6F3 /* DummyChat.swift */ = {isa = PBXFileReference; lastKnownFileType = sourcecode.swift; path = DummyChat.swift; sourceTree = "<group>"; };
		E02B22DD2C50147000E1F6F3 /* DummyChatMember.swift */ = {isa = PBXFileReference; lastKnownFileType = sourcecode.swift; path = DummyChatMember.swift; sourceTree = "<group>"; };
		E02B22DF2C5014E000E1F6F3 /* DummyMessage.swift */ = {isa = PBXFileReference; lastKnownFileType = sourcecode.swift; path = DummyMessage.swift; sourceTree = "<group>"; };
		E02B22E12C503EA400E1F6F3 /* ChatListHeader.swift */ = {isa = PBXFileReference; lastKnownFileType = sourcecode.swift; path = ChatListHeader.swift; sourceTree = "<group>"; };
		E03748772C29A49D000DA010 /* SettingsItem.swift */ = {isa = PBXFileReference; lastKnownFileType = sourcecode.swift; path = SettingsItem.swift; sourceTree = "<group>"; };
		E037487D2C29B34C000DA010 /* ExpandedUserImage.swift */ = {isa = PBXFileReference; lastKnownFileType = sourcecode.swift; path = ExpandedUserImage.swift; sourceTree = "<group>"; };
		E037487F2C29B6CD000DA010 /* ChangeUserImageView.swift */ = {isa = PBXFileReference; lastKnownFileType = sourcecode.swift; path = ChangeUserImageView.swift; sourceTree = "<group>"; };
		E03748832C29C76F000DA010 /* SettingsTextField.swift */ = {isa = PBXFileReference; lastKnownFileType = sourcecode.swift; path = SettingsTextField.swift; sourceTree = "<group>"; };
		E03748892C29D4FC000DA010 /* SettingsInfoType.swift */ = {isa = PBXFileReference; lastKnownFileType = sourcecode.swift; path = SettingsInfoType.swift; sourceTree = "<group>"; };
		E037488F2C29E70F000DA010 /* ThemePicker.swift */ = {isa = PBXFileReference; lastKnownFileType = sourcecode.swift; path = ThemePicker.swift; sourceTree = "<group>"; };
		E03748932C29E75C000DA010 /* ThemeType.swift */ = {isa = PBXFileReference; lastKnownFileType = sourcecode.swift; path = ThemeType.swift; sourceTree = "<group>"; };
		E03C6D512C2B4D5200DD7942 /* DefaultUserImage.swift */ = {isa = PBXFileReference; lastKnownFileType = sourcecode.swift; path = DefaultUserImage.swift; sourceTree = "<group>"; };
		E0405FE72C51235A00E9B26B /* SelectContactItem.swift */ = {isa = PBXFileReference; lastKnownFileType = sourcecode.swift; path = SelectContactItem.swift; sourceTree = "<group>"; };
		E0405FE92C51248D00E9B26B /* SelectContactView.swift */ = {isa = PBXFileReference; lastKnownFileType = sourcecode.swift; path = SelectContactView.swift; sourceTree = "<group>"; };
		E0405FEB2C51253A00E9B26B /* SelectContactViewModel.swift */ = {isa = PBXFileReference; lastKnownFileType = sourcecode.swift; path = SelectContactViewModel.swift; sourceTree = "<group>"; };
		E04B0A852C4EFE33005ED03F /* ChatMember.swift */ = {isa = PBXFileReference; lastKnownFileType = sourcecode.swift; path = ChatMember.swift; sourceTree = "<group>"; };
		E04B0A872C4EFEF6005ED03F /* Message.swift */ = {isa = PBXFileReference; lastKnownFileType = sourcecode.swift; path = Message.swift; sourceTree = "<group>"; };
		E04B0A892C4F002C005ED03F /* Chat.swift */ = {isa = PBXFileReference; lastKnownFileType = sourcecode.swift; path = Chat.swift; sourceTree = "<group>"; };
		E04B0A8B2C4F0085005ED03F /* CreateChatData.swift */ = {isa = PBXFileReference; lastKnownFileType = sourcecode.swift; path = CreateChatData.swift; sourceTree = "<group>"; };
		E04B0A8D2C4F00CD005ED03F /* CreateMessageData.swift */ = {isa = PBXFileReference; lastKnownFileType = sourcecode.swift; path = CreateMessageData.swift; sourceTree = "<group>"; };
		E04B0A8F2C4F013E005ED03F /* EmojiReaction.swift */ = {isa = PBXFileReference; lastKnownFileType = sourcecode.swift; path = EmojiReaction.swift; sourceTree = "<group>"; };
		E04B0A922C4F01BE005ED03F /* UpsertEmojiReactionData.swift */ = {isa = PBXFileReference; lastKnownFileType = sourcecode.swift; path = UpsertEmojiReactionData.swift; sourceTree = "<group>"; };
		E04B0A942C4F0206005ED03F /* EditMessageData.swift */ = {isa = PBXFileReference; lastKnownFileType = sourcecode.swift; path = EditMessageData.swift; sourceTree = "<group>"; };
		E0568CCB2C26EE4B003E9245 /* UserImage.swift */ = {isa = PBXFileReference; lastKnownFileType = sourcecode.swift; path = UserImage.swift; sourceTree = "<group>"; };
		E0568CCE2C26EF55003E9245 /* ImagePlaceholder.swift */ = {isa = PBXFileReference; lastKnownFileType = sourcecode.swift; path = ImagePlaceholder.swift; sourceTree = "<group>"; };
		E0568CD02C26EFEA003E9245 /* ImageManager.swift */ = {isa = PBXFileReference; lastKnownFileType = sourcecode.swift; path = ImageManager.swift; sourceTree = "<group>"; };
		E0568CD22C26F40A003E9245 /* SettingsView.swift */ = {isa = PBXFileReference; lastKnownFileType = sourcecode.swift; path = SettingsView.swift; sourceTree = "<group>"; };
		E05CC67D2C24BBA1009241C8 /* UserResponse.swift */ = {isa = PBXFileReference; lastKnownFileType = sourcecode.swift; path = UserResponse.swift; sourceTree = "<group>"; };
		E05CC67F2C24C2A5009241C8 /* User.swift */ = {isa = PBXFileReference; lastKnownFileType = sourcecode.swift; path = User.swift; sourceTree = "<group>"; };
		E05DE5F62C2EAEC700EDA947 /* DummyUser.swift */ = {isa = PBXFileReference; lastKnownFileType = sourcecode.swift; path = DummyUser.swift; sourceTree = "<group>"; };
		E0623BC12C3FEF36008380B5 /* ContactModalItem.swift */ = {isa = PBXFileReference; lastKnownFileType = sourcecode.swift; path = ContactModalItem.swift; sourceTree = "<group>"; };
		E0802F0F2C3ED39500A69EA5 /* ContactItem.swift */ = {isa = PBXFileReference; lastKnownFileType = sourcecode.swift; path = ContactItem.swift; sourceTree = "<group>"; };
		E0CAF9992C2A097100C02C34 /* UpdateUsernameData.swift */ = {isa = PBXFileReference; lastKnownFileType = sourcecode.swift; path = UpdateUsernameData.swift; sourceTree = "<group>"; };
		E0CAF99B2C2A0A8300C02C34 /* UpdateUserAboutData.swift */ = {isa = PBXFileReference; lastKnownFileType = sourcecode.swift; path = UpdateUserAboutData.swift; sourceTree = "<group>"; };
		E0CAF99D2C2A0B5700C02C34 /* UpdateUserImageData.swift */ = {isa = PBXFileReference; lastKnownFileType = sourcecode.swift; path = UpdateUserImageData.swift; sourceTree = "<group>"; };
		E0CAF99F2C2A0C6D00C02C34 /* SettingsViewModel.swift */ = {isa = PBXFileReference; lastKnownFileType = sourcecode.swift; path = SettingsViewModel.swift; sourceTree = "<group>"; };
		E0CBB6C42C485645004337ED /* CreateContactDto.swift */ = {isa = PBXFileReference; lastKnownFileType = sourcecode.swift; path = CreateContactDto.swift; sourceTree = "<group>"; };
		E0CBB6C62C485796004337ED /* ContactResponse.swift */ = {isa = PBXFileReference; lastKnownFileType = sourcecode.swift; path = ContactResponse.swift; sourceTree = "<group>"; };
		E0CC41942C2DE190009D765F /* ImagePicker.swift */ = {isa = PBXFileReference; lastKnownFileType = sourcecode.swift; path = ImagePicker.swift; sourceTree = "<group>"; };
		E0D2AA182C13B5610042535A /* Storm.app */ = {isa = PBXFileReference; explicitFileType = wrapper.application; includeInIndex = 0; path = Storm.app; sourceTree = BUILT_PRODUCTS_DIR; };
		E0D2AA1B2C13B5610042535A /* StormApp.swift */ = {isa = PBXFileReference; lastKnownFileType = sourcecode.swift; path = StormApp.swift; sourceTree = "<group>"; };
		E0D2AA1D2C13B5610042535A /* ContentView.swift */ = {isa = PBXFileReference; lastKnownFileType = sourcecode.swift; path = ContentView.swift; sourceTree = "<group>"; };
		E0D2AA1F2C13B5620042535A /* Assets.xcassets */ = {isa = PBXFileReference; lastKnownFileType = folder.assetcatalog; path = Assets.xcassets; sourceTree = "<group>"; };
		E0D2AA222C13B5620042535A /* Preview Assets.xcassets */ = {isa = PBXFileReference; lastKnownFileType = folder.assetcatalog; path = "Preview Assets.xcassets"; sourceTree = "<group>"; };
		E0D2AA282C13B5620042535A /* StormTests.xctest */ = {isa = PBXFileReference; explicitFileType = wrapper.cfbundle; includeInIndex = 0; path = StormTests.xctest; sourceTree = BUILT_PRODUCTS_DIR; };
		E0D2AA2C2C13B5620042535A /* StormTests.swift */ = {isa = PBXFileReference; lastKnownFileType = sourcecode.swift; path = StormTests.swift; sourceTree = "<group>"; };
		E0D2AA322C13B5620042535A /* StormUITests.xctest */ = {isa = PBXFileReference; explicitFileType = wrapper.cfbundle; includeInIndex = 0; path = StormUITests.xctest; sourceTree = BUILT_PRODUCTS_DIR; };
		E0D2AA362C13B5620042535A /* StormUITests.swift */ = {isa = PBXFileReference; lastKnownFileType = sourcecode.swift; path = StormUITests.swift; sourceTree = "<group>"; };
		E0D2AA382C13B5620042535A /* StormUITestsLaunchTests.swift */ = {isa = PBXFileReference; lastKnownFileType = sourcecode.swift; path = StormUITestsLaunchTests.swift; sourceTree = "<group>"; };
		E0D2AA452C13B62F0042535A /* GoogleService-Info.plist */ = {isa = PBXFileReference; fileEncoding = 4; lastKnownFileType = text.plist.xml; path = "GoogleService-Info.plist"; sourceTree = "<group>"; };
		E0DBF0722C25AC450014BDD8 /* LoginInfo.swift */ = {isa = PBXFileReference; lastKnownFileType = sourcecode.swift; path = LoginInfo.swift; sourceTree = "<group>"; };
		E0DBF0742C25B49E0014BDD8 /* LoginViewModel.swift */ = {isa = PBXFileReference; lastKnownFileType = sourcecode.swift; path = LoginViewModel.swift; sourceTree = "<group>"; };
		E0DDE6382C407BAE002E3CA5 /* Debouncer.swift */ = {isa = PBXFileReference; lastKnownFileType = sourcecode.swift; path = Debouncer.swift; sourceTree = "<group>"; };
		E0DDE63C2C408346002E3CA5 /* AddContactsView.swift */ = {isa = PBXFileReference; lastKnownFileType = sourcecode.swift; path = AddContactsView.swift; sourceTree = "<group>"; };
		E0DDE63E2C408367002E3CA5 /* AddContactsViewModel.swift */ = {isa = PBXFileReference; lastKnownFileType = sourcecode.swift; path = AddContactsViewModel.swift; sourceTree = "<group>"; };
		E0DDE6422C408782002E3CA5 /* FloatingActionButton.swift */ = {isa = PBXFileReference; lastKnownFileType = sourcecode.swift; path = FloatingActionButton.swift; sourceTree = "<group>"; };
		E0DFE6AB2C22E60700F78184 /* DataManager.swift */ = {isa = PBXFileReference; lastKnownFileType = sourcecode.swift; path = DataManager.swift; sourceTree = "<group>"; };
		E0DFE6AD2C22E65300F78184 /* RequestTypes.swift */ = {isa = PBXFileReference; lastKnownFileType = sourcecode.swift; path = RequestTypes.swift; sourceTree = "<group>"; };
		E0DFE6AF2C22E8A800F78184 /* Endpoints.swift */ = {isa = PBXFileReference; lastKnownFileType = sourcecode.swift; path = Endpoints.swift; sourceTree = "<group>"; };
		E0ECB3632C26101900D8CEB2 /* ContactsView.swift */ = {isa = PBXFileReference; lastKnownFileType = sourcecode.swift; path = ContactsView.swift; sourceTree = "<group>"; };
		E0ECB3652C26104F00D8CEB2 /* HomeView.swift */ = {isa = PBXFileReference; lastKnownFileType = sourcecode.swift; path = HomeView.swift; sourceTree = "<group>"; };
		E0ECB3672C2610F200D8CEB2 /* ChatListView.swift */ = {isa = PBXFileReference; lastKnownFileType = sourcecode.swift; path = ChatListView.swift; sourceTree = "<group>"; };
		E0ECB36A2C26116D00D8CEB2 /* FormInputType.swift */ = {isa = PBXFileReference; lastKnownFileType = sourcecode.swift; path = FormInputType.swift; sourceTree = "<group>"; };
		E0ECB36C2C2611AE00D8CEB2 /* TabScreenType.swift */ = {isa = PBXFileReference; lastKnownFileType = sourcecode.swift; path = TabScreenType.swift; sourceTree = "<group>"; };
		E0FD9DE32C2411D2008B3AC8 /* RegisterInfo.swift */ = {isa = PBXFileReference; lastKnownFileType = sourcecode.swift; path = RegisterInfo.swift; sourceTree = "<group>"; };
		E0FD9DE72C241823008B3AC8 /* Utils.swift */ = {isa = PBXFileReference; lastKnownFileType = sourcecode.swift; path = Utils.swift; sourceTree = "<group>"; };
		E0FD9DEC2C2423C3008B3AC8 /* UserDataManager.swift */ = {isa = PBXFileReference; lastKnownFileType = sourcecode.swift; path = UserDataManager.swift; sourceTree = "<group>"; };
		E0FD9DEE2C24252C008B3AC8 /* SuccessMessage.swift */ = {isa = PBXFileReference; lastKnownFileType = sourcecode.swift; path = SuccessMessage.swift; sourceTree = "<group>"; };
/* End PBXFileReference section */

/* Begin PBXFrameworksBuildPhase section */
		E0D2AA152C13B5610042535A /* Frameworks */ = {
			isa = PBXFrameworksBuildPhase;
			buildActionMask = 2147483647;
			files = (
			);
			runOnlyForDeploymentPostprocessing = 0;
		};
		E0D2AA252C13B5620042535A /* Frameworks */ = {
			isa = PBXFrameworksBuildPhase;
			buildActionMask = 2147483647;
			files = (
			);
			runOnlyForDeploymentPostprocessing = 0;
		};
		E0D2AA2F2C13B5620042535A /* Frameworks */ = {
			isa = PBXFrameworksBuildPhase;
			buildActionMask = 2147483647;
			files = (
			);
			runOnlyForDeploymentPostprocessing = 0;
		};
/* End PBXFrameworksBuildPhase section */

/* Begin PBXGroup section */
		E023D7112C14D1DC00F2C0EA /* Components */ = {
			isa = PBXGroup;
			children = (
				E023D71F2C14FF6400F2C0EA /* PasswordField.swift */,
				E023D71D2C14FD1800F2C0EA /* FormInput.swift */,
				E023D7172C14EC9E00F2C0EA /* TopMessage.swift */,
				E023D7192C14EF6D00F2C0EA /* StartImage.swift */,
				E023D7142C14E7FC00F2C0EA /* FormButton.swift */,
				E01493AA2C15B588001A3C1C /* Checkbox.swift */,
				E0568CCB2C26EE4B003E9245 /* UserImage.swift */,
				E037487D2C29B34C000DA010 /* ExpandedUserImage.swift */,
				E03C6D512C2B4D5200DD7942 /* DefaultUserImage.swift */,
				E0CC41942C2DE190009D765F /* ImagePicker.swift */,
				E0802F0F2C3ED39500A69EA5 /* ContactItem.swift */,
				E0623BC12C3FEF36008380B5 /* ContactModalItem.swift */,
				E0DDE6422C408782002E3CA5 /* FloatingActionButton.swift */,
				E017A1B72C413B130070968F /* EmptyListMessage.swift */,
				E02608CF2C4FD5D700C9FE0D /* ChatItem.swift */,
				E02B22E12C503EA400E1F6F3 /* ChatListHeader.swift */,
				E0405FE72C51235A00E9B26B /* SelectContactItem.swift */,
			);
			path = Components;
			sourceTree = "<group>";
		};
		E03748812C29B7BF000DA010 /* SettingsView */ = {
			isa = PBXGroup;
			children = (
				E03748822C29B7CB000DA010 /* SubViews */,
				E0568CD22C26F40A003E9245 /* SettingsView.swift */,
			);
			path = SettingsView;
			sourceTree = "<group>";
		};
		E03748822C29B7CB000DA010 /* SubViews */ = {
			isa = PBXGroup;
			children = (
				E03748772C29A49D000DA010 /* SettingsItem.swift */,
				E037487F2C29B6CD000DA010 /* ChangeUserImageView.swift */,
				E03748832C29C76F000DA010 /* SettingsTextField.swift */,
				E037488F2C29E70F000DA010 /* ThemePicker.swift */,
			);
			path = SubViews;
			sourceTree = "<group>";
		};
		E040F6D32C148E610023EEA1 /* Screens */ = {
			isa = PBXGroup;
			children = (
				E03748812C29B7BF000DA010 /* SettingsView */,
				E023D70F2C14D00100F2C0EA /* StartView.swift */,
				E01493AC2C15B82F001A3C1C /* LoginView.swift */,
				E01493AE2C15BDBB001A3C1C /* ForgotPasswordView.swift */,
				E023D71B2C14F5F500F2C0EA /* RegisterView.swift */,
				E0ECB3632C26101900D8CEB2 /* ContactsView.swift */,
				E0ECB3652C26104F00D8CEB2 /* HomeView.swift */,
				E0ECB3672C2610F200D8CEB2 /* ChatListView.swift */,
				E0DDE63C2C408346002E3CA5 /* AddContactsView.swift */,
				E0405FE92C51248D00E9B26B /* SelectContactView.swift */,
			);
			path = Screens;
			sourceTree = "<group>";
		};
		E040F6D62C148E860023EEA1 /* Helpers */ = {
			isa = PBXGroup;
			children = (
				E0FD9DE72C241823008B3AC8 /* Utils.swift */,
				E01351702C33303F009FC804 /* SearchUsersQuery.swift */,
				E0DDE6382C407BAE002E3CA5 /* Debouncer.swift */,
			);
			path = Helpers;
			sourceTree = "<group>";
		};
		E040F6D82C148EB10023EEA1 /* Firebase */ = {
			isa = PBXGroup;
			children = (
				E01493B02C15C466001A3C1C /* FirebaseManager.swift */,
			);
			path = Firebase;
			sourceTree = "<group>";
		};
		E040F6D92C148ED40023EEA1 /* Commons */ = {
			isa = PBXGroup;
			children = (
				E0568CCD2C26EF41003E9245 /* Data */,
				E0ECB3692C26115C00D8CEB2 /* Enums */,
				E023D7112C14D1DC00F2C0EA /* Components */,
			);
			path = Commons;
			sourceTree = "<group>";
		};
		E0420F082C240AC8008738BB /* Models */ = {
			isa = PBXGroup;
			children = (
				E0FD9DE32C2411D2008B3AC8 /* RegisterInfo.swift */,
				E0FD9DEE2C24252C008B3AC8 /* SuccessMessage.swift */,
				E05CC67D2C24BBA1009241C8 /* UserResponse.swift */,
				E05CC67F2C24C2A5009241C8 /* User.swift */,
				E0DBF0722C25AC450014BDD8 /* LoginInfo.swift */,
				E0CAF9992C2A097100C02C34 /* UpdateUsernameData.swift */,
				E0CAF99B2C2A0A8300C02C34 /* UpdateUserAboutData.swift */,
				E0CAF99D2C2A0B5700C02C34 /* UpdateUserImageData.swift */,
				E013516E2C332FA5009FC804 /* SearchUsersResponse.swift */,
				E0CBB6C42C485645004337ED /* CreateContactDto.swift */,
				E0CBB6C62C485796004337ED /* ContactResponse.swift */,
				E04B0A852C4EFE33005ED03F /* ChatMember.swift */,
				E04B0A872C4EFEF6005ED03F /* Message.swift */,
				E04B0A892C4F002C005ED03F /* Chat.swift */,
				E04B0A8B2C4F0085005ED03F /* CreateChatData.swift */,
				E04B0A8D2C4F00CD005ED03F /* CreateMessageData.swift */,
				E04B0A8F2C4F013E005ED03F /* EmojiReaction.swift */,
				E04B0A922C4F01BE005ED03F /* UpsertEmojiReactionData.swift */,
				E04B0A942C4F0206005ED03F /* EditMessageData.swift */,
			);
			path = Models;
			sourceTree = "<group>";
		};
		E0568CCD2C26EF41003E9245 /* Data */ = {
			isa = PBXGroup;
			children = (
				E0568CCE2C26EF55003E9245 /* ImagePlaceholder.swift */,
				E05DE5F62C2EAEC700EDA947 /* DummyUser.swift */,
				E02B22DB2C5013E300E1F6F3 /* DummyChat.swift */,
				E02B22DD2C50147000E1F6F3 /* DummyChatMember.swift */,
				E02B22DF2C5014E000E1F6F3 /* DummyMessage.swift */,
			);
			path = Data;
			sourceTree = "<group>";
		};
		E0D2AA0F2C13B5610042535A = {
			isa = PBXGroup;
			children = (
				E0D2AA1A2C13B5610042535A /* Storm */,
				E0D2AA2B2C13B5620042535A /* StormTests */,
				E0D2AA352C13B5620042535A /* StormUITests */,
				E0D2AA192C13B5610042535A /* Products */,
			);
			sourceTree = "<group>";
		};
		E0D2AA192C13B5610042535A /* Products */ = {
			isa = PBXGroup;
			children = (
				E0D2AA182C13B5610042535A /* Storm.app */,
				E0D2AA282C13B5620042535A /* StormTests.xctest */,
				E0D2AA322C13B5620042535A /* StormUITests.xctest */,
			);
			name = Products;
			sourceTree = "<group>";
		};
		E0D2AA1A2C13B5610042535A /* Storm */ = {
			isa = PBXGroup;
			children = (
				E0FD9DEB2C2423B6008B3AC8 /* Managers */,
				E0420F082C240AC8008738BB /* Models */,
				E0DFE6AA2C22E5E300F78184 /* Networking */,
				E0DFE6A72C22E36100F78184 /* ViewModels */,
				E040F6D92C148ED40023EEA1 /* Commons */,
				E040F6D82C148EB10023EEA1 /* Firebase */,
				E040F6D62C148E860023EEA1 /* Helpers */,
				E040F6D32C148E610023EEA1 /* Screens */,
				E0D2AA452C13B62F0042535A /* GoogleService-Info.plist */,
				E0D2AA1B2C13B5610042535A /* StormApp.swift */,
				E0D2AA1D2C13B5610042535A /* ContentView.swift */,
				E0D2AA1F2C13B5620042535A /* Assets.xcassets */,
				E0D2AA212C13B5620042535A /* Preview Content */,
			);
			path = Storm;
			sourceTree = "<group>";
		};
		E0D2AA212C13B5620042535A /* Preview Content */ = {
			isa = PBXGroup;
			children = (
				E0D2AA222C13B5620042535A /* Preview Assets.xcassets */,
			);
			path = "Preview Content";
			sourceTree = "<group>";
		};
		E0D2AA2B2C13B5620042535A /* StormTests */ = {
			isa = PBXGroup;
			children = (
				E0D2AA2C2C13B5620042535A /* StormTests.swift */,
			);
			path = StormTests;
			sourceTree = "<group>";
		};
		E0D2AA352C13B5620042535A /* StormUITests */ = {
			isa = PBXGroup;
			children = (
				E0D2AA362C13B5620042535A /* StormUITests.swift */,
				E0D2AA382C13B5620042535A /* StormUITestsLaunchTests.swift */,
			);
			path = StormUITests;
			sourceTree = "<group>";
		};
		E0DFE6A72C22E36100F78184 /* ViewModels */ = {
			isa = PBXGroup;
			children = (
				E01493B42C15D1EB001A3C1C /* RegisterViewModel.swift */,
				E0DBF0742C25B49E0014BDD8 /* LoginViewModel.swift */,
				E0CAF99F2C2A0C6D00C02C34 /* SettingsViewModel.swift */,
				E01351722C333206009FC804 /* ContactsViewModel.swift */,
				E0DDE63E2C408367002E3CA5 /* AddContactsViewModel.swift */,
				E0405FEB2C51253A00E9B26B /* SelectContactViewModel.swift */,
			);
			path = ViewModels;
			sourceTree = "<group>";
		};
		E0DFE6AA2C22E5E300F78184 /* Networking */ = {
			isa = PBXGroup;
			children = (
				E0DFE6AB2C22E60700F78184 /* DataManager.swift */,
				E0DFE6AF2C22E8A800F78184 /* Endpoints.swift */,
			);
			path = Networking;
			sourceTree = "<group>";
		};
		E0ECB3692C26115C00D8CEB2 /* Enums */ = {
			isa = PBXGroup;
			children = (
				E0DFE6AD2C22E65300F78184 /* RequestTypes.swift */,
				E0ECB36A2C26116D00D8CEB2 /* FormInputType.swift */,
				E0ECB36C2C2611AE00D8CEB2 /* TabScreenType.swift */,
				E03748892C29D4FC000DA010 /* SettingsInfoType.swift */,
				E03748932C29E75C000DA010 /* ThemeType.swift */,
			);
			path = Enums;
			sourceTree = "<group>";
		};
		E0FD9DEB2C2423B6008B3AC8 /* Managers */ = {
			isa = PBXGroup;
			children = (
				E0FD9DEC2C2423C3008B3AC8 /* UserDataManager.swift */,
				E0568CD02C26EFEA003E9245 /* ImageManager.swift */,
				E013516C2C332962009FC804 /* ContactDataManager.swift */,
			);
			path = Managers;
			sourceTree = "<group>";
		};
/* End PBXGroup section */

/* Begin PBXNativeTarget section */
		E0D2AA172C13B5610042535A /* Storm */ = {
			isa = PBXNativeTarget;
			buildConfigurationList = E0D2AA3C2C13B5620042535A /* Build configuration list for PBXNativeTarget "Storm" */;
			buildPhases = (
				E0D2AA142C13B5610042535A /* Sources */,
				E0D2AA152C13B5610042535A /* Frameworks */,
				E0D2AA162C13B5610042535A /* Resources */,
			);
			buildRules = (
			);
			dependencies = (
			);
			name = Storm;
			packageProductDependencies = (
			);
			productName = Storm;
			productReference = E0D2AA182C13B5610042535A /* Storm.app */;
			productType = "com.apple.product-type.application";
		};
		E0D2AA272C13B5620042535A /* StormTests */ = {
			isa = PBXNativeTarget;
			buildConfigurationList = E0D2AA3F2C13B5620042535A /* Build configuration list for PBXNativeTarget "StormTests" */;
			buildPhases = (
				E0D2AA242C13B5620042535A /* Sources */,
				E0D2AA252C13B5620042535A /* Frameworks */,
				E0D2AA262C13B5620042535A /* Resources */,
			);
			buildRules = (
			);
			dependencies = (
				E0D2AA2A2C13B5620042535A /* PBXTargetDependency */,
			);
			name = StormTests;
			productName = StormTests;
			productReference = E0D2AA282C13B5620042535A /* StormTests.xctest */;
			productType = "com.apple.product-type.bundle.unit-test";
		};
		E0D2AA312C13B5620042535A /* StormUITests */ = {
			isa = PBXNativeTarget;
			buildConfigurationList = E0D2AA422C13B5620042535A /* Build configuration list for PBXNativeTarget "StormUITests" */;
			buildPhases = (
				E0D2AA2E2C13B5620042535A /* Sources */,
				E0D2AA2F2C13B5620042535A /* Frameworks */,
				E0D2AA302C13B5620042535A /* Resources */,
			);
			buildRules = (
			);
			dependencies = (
				E0D2AA342C13B5620042535A /* PBXTargetDependency */,
			);
			name = StormUITests;
			productName = StormUITests;
			productReference = E0D2AA322C13B5620042535A /* StormUITests.xctest */;
			productType = "com.apple.product-type.bundle.ui-testing";
		};
/* End PBXNativeTarget section */

/* Begin PBXProject section */
		E0D2AA102C13B5610042535A /* Project object */ = {
			isa = PBXProject;
			attributes = {
				BuildIndependentTargetsInParallel = 1;
				LastSwiftUpdateCheck = 1540;
				LastUpgradeCheck = 1540;
				TargetAttributes = {
					E0D2AA172C13B5610042535A = {
						CreatedOnToolsVersion = 15.4;
					};
					E0D2AA272C13B5620042535A = {
						CreatedOnToolsVersion = 15.4;
						TestTargetID = E0D2AA172C13B5610042535A;
					};
					E0D2AA312C13B5620042535A = {
						CreatedOnToolsVersion = 15.4;
						TestTargetID = E0D2AA172C13B5610042535A;
					};
				};
			};
			buildConfigurationList = E0D2AA132C13B5610042535A /* Build configuration list for PBXProject "Storm" */;
			compatibilityVersion = "Xcode 14.0";
			developmentRegion = en;
			hasScannedForEncodings = 0;
			knownRegions = (
				en,
				Base,
			);
			mainGroup = E0D2AA0F2C13B5610042535A;
			packageReferences = (
				E0D2AA472C13B6C30042535A /* XCRemoteSwiftPackageReference "firebase-ios-sdk" */,
			);
			productRefGroup = E0D2AA192C13B5610042535A /* Products */;
			projectDirPath = "";
			projectRoot = "";
			targets = (
				E0D2AA172C13B5610042535A /* Storm */,
				E0D2AA272C13B5620042535A /* StormTests */,
				E0D2AA312C13B5620042535A /* StormUITests */,
			);
		};
/* End PBXProject section */

/* Begin PBXResourcesBuildPhase section */
		E0D2AA162C13B5610042535A /* Resources */ = {
			isa = PBXResourcesBuildPhase;
			buildActionMask = 2147483647;
			files = (
				E0D2AA232C13B5620042535A /* Preview Assets.xcassets in Resources */,
				E0D2AA202C13B5620042535A /* Assets.xcassets in Resources */,
				E0D2AA462C13B62F0042535A /* GoogleService-Info.plist in Resources */,
			);
			runOnlyForDeploymentPostprocessing = 0;
		};
		E0D2AA262C13B5620042535A /* Resources */ = {
			isa = PBXResourcesBuildPhase;
			buildActionMask = 2147483647;
			files = (
			);
			runOnlyForDeploymentPostprocessing = 0;
		};
		E0D2AA302C13B5620042535A /* Resources */ = {
			isa = PBXResourcesBuildPhase;
			buildActionMask = 2147483647;
			files = (
			);
			runOnlyForDeploymentPostprocessing = 0;
		};
/* End PBXResourcesBuildPhase section */

/* Begin PBXSourcesBuildPhase section */
		E0D2AA142C13B5610042535A /* Sources */ = {
			isa = PBXSourcesBuildPhase;
			buildActionMask = 2147483647;
			files = (
				E0568CD32C26F40A003E9245 /* SettingsView.swift in Sources */,
				E0CAF9A02C2A0C6D00C02C34 /* SettingsViewModel.swift in Sources */,
				E01493B12C15C466001A3C1C /* FirebaseManager.swift in Sources */,
				E0DFE6AC2C22E60700F78184 /* DataManager.swift in Sources */,
				E04B0A952C4F0206005ED03F /* EditMessageData.swift in Sources */,
				E023D7102C14D00100F2C0EA /* StartView.swift in Sources */,
				E0D2AA1E2C13B5610042535A /* ContentView.swift in Sources */,
				E023D71A2C14EF6D00F2C0EA /* StartImage.swift in Sources */,
				E0DDE6432C408782002E3CA5 /* FloatingActionButton.swift in Sources */,
				E0CBB6C52C485645004337ED /* CreateContactDto.swift in Sources */,
				E04B0A902C4F013E005ED03F /* EmojiReaction.swift in Sources */,
				E0DDE63D2C408346002E3CA5 /* AddContactsView.swift in Sources */,
				E023D71C2C14F5F500F2C0EA /* RegisterView.swift in Sources */,
				E01493AB2C15B588001A3C1C /* Checkbox.swift in Sources */,
				E0DDE6392C407BAE002E3CA5 /* Debouncer.swift in Sources */,
				E0ECB36D2C2611AE00D8CEB2 /* TabScreenType.swift in Sources */,
				E01493B52C15D1EB001A3C1C /* RegisterViewModel.swift in Sources */,
				E0405FEC2C51253A00E9B26B /* SelectContactViewModel.swift in Sources */,
				E01351712C33303F009FC804 /* SearchUsersQuery.swift in Sources */,
				E0DBF0752C25B49E0014BDD8 /* LoginViewModel.swift in Sources */,
				E04B0A932C4F01BE005ED03F /* UpsertEmojiReactionData.swift in Sources */,
				E037488A2C29D4FC000DA010 /* SettingsInfoType.swift in Sources */,
				E02B22E02C5014E000E1F6F3 /* DummyMessage.swift in Sources */,
				E04B0A8C2C4F0085005ED03F /* CreateChatData.swift in Sources */,
				E013516D2C332962009FC804 /* ContactDataManager.swift in Sources */,
				E0DFE6B02C22E8A800F78184 /* Endpoints.swift in Sources */,
				E0568CCC2C26EE4B003E9245 /* UserImage.swift in Sources */,
				E05DE5F72C2EAEC700EDA947 /* DummyUser.swift in Sources */,
				E0802F102C3ED39500A69EA5 /* ContactItem.swift in Sources */,
				E0ECB36B2C26116D00D8CEB2 /* FormInputType.swift in Sources */,
				E023D7202C14FF6400F2C0EA /* PasswordField.swift in Sources */,
				E0CBB6C72C485796004337ED /* ContactResponse.swift in Sources */,
				E02608D02C4FD5D700C9FE0D /* ChatItem.swift in Sources */,
				E0DFE6AE2C22E65300F78184 /* RequestTypes.swift in Sources */,
				E0ECB3662C26104F00D8CEB2 /* HomeView.swift in Sources */,
				E037487E2C29B34C000DA010 /* ExpandedUserImage.swift in Sources */,
				E03748782C29A49D000DA010 /* SettingsItem.swift in Sources */,
				E017A1B82C413B130070968F /* EmptyListMessage.swift in Sources */,
				E0568CD12C26EFEA003E9245 /* ImageManager.swift in Sources */,
				E0FD9DEF2C24252C008B3AC8 /* SuccessMessage.swift in Sources */,
				E03C6D522C2B4D5200DD7942 /* DefaultUserImage.swift in Sources */,
				E0D2AA1C2C13B5610042535A /* StormApp.swift in Sources */,
				E023D7182C14EC9E00F2C0EA /* TopMessage.swift in Sources */,
				E0ECB3682C2610F200D8CEB2 /* ChatListView.swift in Sources */,
				E04B0A8A2C4F002C005ED03F /* Chat.swift in Sources */,
				E0405FEA2C51248D00E9B26B /* SelectContactView.swift in Sources */,
				E0DBF0732C25AC450014BDD8 /* LoginInfo.swift in Sources */,
				E02B22DE2C50147000E1F6F3 /* DummyChatMember.swift in Sources */,
				E02B22E22C503EA400E1F6F3 /* ChatListHeader.swift in Sources */,
				E01493AD2C15B82F001A3C1C /* LoginView.swift in Sources */,
				E0FD9DE42C2411D2008B3AC8 /* RegisterInfo.swift in Sources */,
				E03748842C29C76F000DA010 /* SettingsTextField.swift in Sources */,
				E023D71E2C14FD1800F2C0EA /* FormInput.swift in Sources */,
				E0568CCF2C26EF55003E9245 /* ImagePlaceholder.swift in Sources */,
				E04B0A862C4EFE33005ED03F /* ChatMember.swift in Sources */,
				E03748902C29E70F000DA010 /* ThemePicker.swift in Sources */,
				E01351732C333206009FC804 /* ContactsViewModel.swift in Sources */,
				E0CAF99A2C2A097100C02C34 /* UpdateUsernameData.swift in Sources */,
				E01493AF2C15BDBB001A3C1C /* ForgotPasswordView.swift in Sources */,
				E02B22DC2C5013E300E1F6F3 /* DummyChat.swift in Sources */,
				E04B0A882C4EFEF6005ED03F /* Message.swift in Sources */,
				E0405FE82C51235A00E9B26B /* SelectContactItem.swift in Sources */,
				E03748802C29B6CD000DA010 /* ChangeUserImageView.swift in Sources */,
				E03748942C29E75C000DA010 /* ThemeType.swift in Sources */,
				E0CAF99E2C2A0B5700C02C34 /* UpdateUserImageData.swift in Sources */,
				E0623BC22C3FEF36008380B5 /* ContactModalItem.swift in Sources */,
				E04B0A8E2C4F00CD005ED03F /* CreateMessageData.swift in Sources */,
				E0FD9DE82C241823008B3AC8 /* Utils.swift in Sources */,
				E0FD9DED2C2423C4008B3AC8 /* UserDataManager.swift in Sources */,
				E023D7152C14E7FC00F2C0EA /* FormButton.swift in Sources */,
				E0DDE63F2C408367002E3CA5 /* AddContactsViewModel.swift in Sources */,
				E05CC67E2C24BBA1009241C8 /* UserResponse.swift in Sources */,
				E05CC6802C24C2A5009241C8 /* User.swift in Sources */,
				E0CC41952C2DE190009D765F /* ImagePicker.swift in Sources */,
				E0ECB3642C26101900D8CEB2 /* ContactsView.swift in Sources */,
				E0CAF99C2C2A0A8300C02C34 /* UpdateUserAboutData.swift in Sources */,
				E013516F2C332FA5009FC804 /* SearchUsersResponse.swift in Sources */,
			);
			runOnlyForDeploymentPostprocessing = 0;
		};
		E0D2AA242C13B5620042535A /* Sources */ = {
			isa = PBXSourcesBuildPhase;
			buildActionMask = 2147483647;
			files = (
				E0D2AA2D2C13B5620042535A /* StormTests.swift in Sources */,
			);
			runOnlyForDeploymentPostprocessing = 0;
		};
		E0D2AA2E2C13B5620042535A /* Sources */ = {
			isa = PBXSourcesBuildPhase;
			buildActionMask = 2147483647;
			files = (
				E0D2AA392C13B5620042535A /* StormUITestsLaunchTests.swift in Sources */,
				E0D2AA372C13B5620042535A /* StormUITests.swift in Sources */,
			);
			runOnlyForDeploymentPostprocessing = 0;
		};
/* End PBXSourcesBuildPhase section */

/* Begin PBXTargetDependency section */
		E0D2AA2A2C13B5620042535A /* PBXTargetDependency */ = {
			isa = PBXTargetDependency;
			target = E0D2AA172C13B5610042535A /* Storm */;
			targetProxy = E0D2AA292C13B5620042535A /* PBXContainerItemProxy */;
		};
		E0D2AA342C13B5620042535A /* PBXTargetDependency */ = {
			isa = PBXTargetDependency;
			target = E0D2AA172C13B5610042535A /* Storm */;
			targetProxy = E0D2AA332C13B5620042535A /* PBXContainerItemProxy */;
		};
/* End PBXTargetDependency section */

/* Begin XCBuildConfiguration section */
		E0D2AA3A2C13B5620042535A /* Debug */ = {
			isa = XCBuildConfiguration;
			buildSettings = {
				ALWAYS_SEARCH_USER_PATHS = NO;
				ASSETCATALOG_COMPILER_GENERATE_SWIFT_ASSET_SYMBOL_EXTENSIONS = YES;
				CLANG_ANALYZER_NONNULL = YES;
				CLANG_ANALYZER_NUMBER_OBJECT_CONVERSION = YES_AGGRESSIVE;
				CLANG_CXX_LANGUAGE_STANDARD = "gnu++20";
				CLANG_ENABLE_MODULES = YES;
				CLANG_ENABLE_OBJC_ARC = YES;
				CLANG_ENABLE_OBJC_WEAK = YES;
				CLANG_WARN_BLOCK_CAPTURE_AUTORELEASING = YES;
				CLANG_WARN_BOOL_CONVERSION = YES;
				CLANG_WARN_COMMA = YES;
				CLANG_WARN_CONSTANT_CONVERSION = YES;
				CLANG_WARN_DEPRECATED_OBJC_IMPLEMENTATIONS = YES;
				CLANG_WARN_DIRECT_OBJC_ISA_USAGE = YES_ERROR;
				CLANG_WARN_DOCUMENTATION_COMMENTS = YES;
				CLANG_WARN_EMPTY_BODY = YES;
				CLANG_WARN_ENUM_CONVERSION = YES;
				CLANG_WARN_INFINITE_RECURSION = YES;
				CLANG_WARN_INT_CONVERSION = YES;
				CLANG_WARN_NON_LITERAL_NULL_CONVERSION = YES;
				CLANG_WARN_OBJC_IMPLICIT_RETAIN_SELF = YES;
				CLANG_WARN_OBJC_LITERAL_CONVERSION = YES;
				CLANG_WARN_OBJC_ROOT_CLASS = YES_ERROR;
				CLANG_WARN_QUOTED_INCLUDE_IN_FRAMEWORK_HEADER = YES;
				CLANG_WARN_RANGE_LOOP_ANALYSIS = YES;
				CLANG_WARN_STRICT_PROTOTYPES = YES;
				CLANG_WARN_SUSPICIOUS_MOVE = YES;
				CLANG_WARN_UNGUARDED_AVAILABILITY = YES_AGGRESSIVE;
				CLANG_WARN_UNREACHABLE_CODE = YES;
				CLANG_WARN__DUPLICATE_METHOD_MATCH = YES;
				COPY_PHASE_STRIP = NO;
				DEBUG_INFORMATION_FORMAT = dwarf;
				ENABLE_STRICT_OBJC_MSGSEND = YES;
				ENABLE_TESTABILITY = YES;
				ENABLE_USER_SCRIPT_SANDBOXING = YES;
				GCC_C_LANGUAGE_STANDARD = gnu17;
				GCC_DYNAMIC_NO_PIC = NO;
				GCC_NO_COMMON_BLOCKS = YES;
				GCC_OPTIMIZATION_LEVEL = 0;
				GCC_PREPROCESSOR_DEFINITIONS = (
					"DEBUG=1",
					"$(inherited)",
				);
				GCC_WARN_64_TO_32_BIT_CONVERSION = YES;
				GCC_WARN_ABOUT_RETURN_TYPE = YES_ERROR;
				GCC_WARN_UNDECLARED_SELECTOR = YES;
				GCC_WARN_UNINITIALIZED_AUTOS = YES_AGGRESSIVE;
				GCC_WARN_UNUSED_FUNCTION = YES;
				GCC_WARN_UNUSED_VARIABLE = YES;
				IPHONEOS_DEPLOYMENT_TARGET = 17.5;
				LOCALIZATION_PREFERS_STRING_CATALOGS = YES;
				MTL_ENABLE_DEBUG_INFO = INCLUDE_SOURCE;
				MTL_FAST_MATH = YES;
				ONLY_ACTIVE_ARCH = YES;
				SDKROOT = iphoneos;
				SWIFT_ACTIVE_COMPILATION_CONDITIONS = "DEBUG $(inherited)";
				SWIFT_OPTIMIZATION_LEVEL = "-Onone";
			};
			name = Debug;
		};
		E0D2AA3B2C13B5620042535A /* Release */ = {
			isa = XCBuildConfiguration;
			buildSettings = {
				ALWAYS_SEARCH_USER_PATHS = NO;
				ASSETCATALOG_COMPILER_GENERATE_SWIFT_ASSET_SYMBOL_EXTENSIONS = YES;
				CLANG_ANALYZER_NONNULL = YES;
				CLANG_ANALYZER_NUMBER_OBJECT_CONVERSION = YES_AGGRESSIVE;
				CLANG_CXX_LANGUAGE_STANDARD = "gnu++20";
				CLANG_ENABLE_MODULES = YES;
				CLANG_ENABLE_OBJC_ARC = YES;
				CLANG_ENABLE_OBJC_WEAK = YES;
				CLANG_WARN_BLOCK_CAPTURE_AUTORELEASING = YES;
				CLANG_WARN_BOOL_CONVERSION = YES;
				CLANG_WARN_COMMA = YES;
				CLANG_WARN_CONSTANT_CONVERSION = YES;
				CLANG_WARN_DEPRECATED_OBJC_IMPLEMENTATIONS = YES;
				CLANG_WARN_DIRECT_OBJC_ISA_USAGE = YES_ERROR;
				CLANG_WARN_DOCUMENTATION_COMMENTS = YES;
				CLANG_WARN_EMPTY_BODY = YES;
				CLANG_WARN_ENUM_CONVERSION = YES;
				CLANG_WARN_INFINITE_RECURSION = YES;
				CLANG_WARN_INT_CONVERSION = YES;
				CLANG_WARN_NON_LITERAL_NULL_CONVERSION = YES;
				CLANG_WARN_OBJC_IMPLICIT_RETAIN_SELF = YES;
				CLANG_WARN_OBJC_LITERAL_CONVERSION = YES;
				CLANG_WARN_OBJC_ROOT_CLASS = YES_ERROR;
				CLANG_WARN_QUOTED_INCLUDE_IN_FRAMEWORK_HEADER = YES;
				CLANG_WARN_RANGE_LOOP_ANALYSIS = YES;
				CLANG_WARN_STRICT_PROTOTYPES = YES;
				CLANG_WARN_SUSPICIOUS_MOVE = YES;
				CLANG_WARN_UNGUARDED_AVAILABILITY = YES_AGGRESSIVE;
				CLANG_WARN_UNREACHABLE_CODE = YES;
				CLANG_WARN__DUPLICATE_METHOD_MATCH = YES;
				COPY_PHASE_STRIP = NO;
				DEBUG_INFORMATION_FORMAT = "dwarf-with-dsym";
				ENABLE_NS_ASSERTIONS = NO;
				ENABLE_STRICT_OBJC_MSGSEND = YES;
				ENABLE_USER_SCRIPT_SANDBOXING = YES;
				GCC_C_LANGUAGE_STANDARD = gnu17;
				GCC_NO_COMMON_BLOCKS = YES;
				GCC_WARN_64_TO_32_BIT_CONVERSION = YES;
				GCC_WARN_ABOUT_RETURN_TYPE = YES_ERROR;
				GCC_WARN_UNDECLARED_SELECTOR = YES;
				GCC_WARN_UNINITIALIZED_AUTOS = YES_AGGRESSIVE;
				GCC_WARN_UNUSED_FUNCTION = YES;
				GCC_WARN_UNUSED_VARIABLE = YES;
				IPHONEOS_DEPLOYMENT_TARGET = 17.5;
				LOCALIZATION_PREFERS_STRING_CATALOGS = YES;
				MTL_ENABLE_DEBUG_INFO = NO;
				MTL_FAST_MATH = YES;
				SDKROOT = iphoneos;
				SWIFT_COMPILATION_MODE = wholemodule;
				VALIDATE_PRODUCT = YES;
			};
			name = Release;
		};
		E0D2AA3D2C13B5620042535A /* Debug */ = {
			isa = XCBuildConfiguration;
			buildSettings = {
				ASSETCATALOG_COMPILER_APPICON_NAME = AppIcon;
				ASSETCATALOG_COMPILER_GLOBAL_ACCENT_COLOR_NAME = AccentColor;
				CODE_SIGN_STYLE = Automatic;
				CURRENT_PROJECT_VERSION = 1;
				DEVELOPMENT_ASSET_PATHS = "\"Storm/Preview Content\"";
				DEVELOPMENT_TEAM = D2K63N33AC;
				ENABLE_PREVIEWS = YES;
				GENERATE_INFOPLIST_FILE = YES;
				INFOPLIST_KEY_UIApplicationSceneManifest_Generation = YES;
				INFOPLIST_KEY_UIApplicationSupportsIndirectInputEvents = YES;
				INFOPLIST_KEY_UILaunchScreen_Generation = YES;
				INFOPLIST_KEY_UISupportedInterfaceOrientations_iPad = "UIInterfaceOrientationPortrait UIInterfaceOrientationPortraitUpsideDown UIInterfaceOrientationLandscapeLeft UIInterfaceOrientationLandscapeRight";
				INFOPLIST_KEY_UISupportedInterfaceOrientations_iPhone = "UIInterfaceOrientationPortrait UIInterfaceOrientationLandscapeLeft UIInterfaceOrientationLandscapeRight";
				LD_RUNPATH_SEARCH_PATHS = (
					"$(inherited)",
					"@executable_path/Frameworks",
				);
				MARKETING_VERSION = 1.0;
				PRODUCT_BUNDLE_IDENTIFIER = com.azizkzgn.Storm;
				PRODUCT_NAME = "$(TARGET_NAME)";
				SWIFT_EMIT_LOC_STRINGS = YES;
				SWIFT_VERSION = 5.0;
				TARGETED_DEVICE_FAMILY = "1,2";
			};
			name = Debug;
		};
		E0D2AA3E2C13B5620042535A /* Release */ = {
			isa = XCBuildConfiguration;
			buildSettings = {
				ASSETCATALOG_COMPILER_APPICON_NAME = AppIcon;
				ASSETCATALOG_COMPILER_GLOBAL_ACCENT_COLOR_NAME = AccentColor;
				CODE_SIGN_STYLE = Automatic;
				CURRENT_PROJECT_VERSION = 1;
				DEVELOPMENT_ASSET_PATHS = "\"Storm/Preview Content\"";
				DEVELOPMENT_TEAM = D2K63N33AC;
				ENABLE_PREVIEWS = YES;
				GENERATE_INFOPLIST_FILE = YES;
				INFOPLIST_KEY_UIApplicationSceneManifest_Generation = YES;
				INFOPLIST_KEY_UIApplicationSupportsIndirectInputEvents = YES;
				INFOPLIST_KEY_UILaunchScreen_Generation = YES;
				INFOPLIST_KEY_UISupportedInterfaceOrientations_iPad = "UIInterfaceOrientationPortrait UIInterfaceOrientationPortraitUpsideDown UIInterfaceOrientationLandscapeLeft UIInterfaceOrientationLandscapeRight";
				INFOPLIST_KEY_UISupportedInterfaceOrientations_iPhone = "UIInterfaceOrientationPortrait UIInterfaceOrientationLandscapeLeft UIInterfaceOrientationLandscapeRight";
				LD_RUNPATH_SEARCH_PATHS = (
					"$(inherited)",
					"@executable_path/Frameworks",
				);
				MARKETING_VERSION = 1.0;
				PRODUCT_BUNDLE_IDENTIFIER = com.azizkzgn.Storm;
				PRODUCT_NAME = "$(TARGET_NAME)";
				SWIFT_EMIT_LOC_STRINGS = YES;
				SWIFT_VERSION = 5.0;
				TARGETED_DEVICE_FAMILY = "1,2";
			};
			name = Release;
		};
		E0D2AA402C13B5620042535A /* Debug */ = {
			isa = XCBuildConfiguration;
			buildSettings = {
				ALWAYS_EMBED_SWIFT_STANDARD_LIBRARIES = YES;
				BUNDLE_LOADER = "$(TEST_HOST)";
				CODE_SIGN_STYLE = Automatic;
				CURRENT_PROJECT_VERSION = 1;
				DEVELOPMENT_TEAM = D2K63N33AC;
				GENERATE_INFOPLIST_FILE = YES;
				IPHONEOS_DEPLOYMENT_TARGET = 17.5;
				MARKETING_VERSION = 1.0;
				PRODUCT_BUNDLE_IDENTIFIER = com.azizkzgn.StormTests;
				PRODUCT_NAME = "$(TARGET_NAME)";
				SWIFT_EMIT_LOC_STRINGS = NO;
				SWIFT_VERSION = 5.0;
				TARGETED_DEVICE_FAMILY = "1,2";
				TEST_HOST = "$(BUILT_PRODUCTS_DIR)/Storm.app/$(BUNDLE_EXECUTABLE_FOLDER_PATH)/Storm";
			};
			name = Debug;
		};
		E0D2AA412C13B5620042535A /* Release */ = {
			isa = XCBuildConfiguration;
			buildSettings = {
				ALWAYS_EMBED_SWIFT_STANDARD_LIBRARIES = YES;
				BUNDLE_LOADER = "$(TEST_HOST)";
				CODE_SIGN_STYLE = Automatic;
				CURRENT_PROJECT_VERSION = 1;
				DEVELOPMENT_TEAM = D2K63N33AC;
				GENERATE_INFOPLIST_FILE = YES;
				IPHONEOS_DEPLOYMENT_TARGET = 17.5;
				MARKETING_VERSION = 1.0;
				PRODUCT_BUNDLE_IDENTIFIER = com.azizkzgn.StormTests;
				PRODUCT_NAME = "$(TARGET_NAME)";
				SWIFT_EMIT_LOC_STRINGS = NO;
				SWIFT_VERSION = 5.0;
				TARGETED_DEVICE_FAMILY = "1,2";
				TEST_HOST = "$(BUILT_PRODUCTS_DIR)/Storm.app/$(BUNDLE_EXECUTABLE_FOLDER_PATH)/Storm";
			};
			name = Release;
		};
		E0D2AA432C13B5620042535A /* Debug */ = {
			isa = XCBuildConfiguration;
			buildSettings = {
				ALWAYS_EMBED_SWIFT_STANDARD_LIBRARIES = YES;
				CODE_SIGN_STYLE = Automatic;
				CURRENT_PROJECT_VERSION = 1;
				DEVELOPMENT_TEAM = D2K63N33AC;
				GENERATE_INFOPLIST_FILE = YES;
				MARKETING_VERSION = 1.0;
				PRODUCT_BUNDLE_IDENTIFIER = com.azizkzgn.StormUITests;
				PRODUCT_NAME = "$(TARGET_NAME)";
				SWIFT_EMIT_LOC_STRINGS = NO;
				SWIFT_VERSION = 5.0;
				TARGETED_DEVICE_FAMILY = "1,2";
				TEST_TARGET_NAME = Storm;
			};
			name = Debug;
		};
		E0D2AA442C13B5620042535A /* Release */ = {
			isa = XCBuildConfiguration;
			buildSettings = {
				ALWAYS_EMBED_SWIFT_STANDARD_LIBRARIES = YES;
				CODE_SIGN_STYLE = Automatic;
				CURRENT_PROJECT_VERSION = 1;
				DEVELOPMENT_TEAM = D2K63N33AC;
				GENERATE_INFOPLIST_FILE = YES;
				MARKETING_VERSION = 1.0;
				PRODUCT_BUNDLE_IDENTIFIER = com.azizkzgn.StormUITests;
				PRODUCT_NAME = "$(TARGET_NAME)";
				SWIFT_EMIT_LOC_STRINGS = NO;
				SWIFT_VERSION = 5.0;
				TARGETED_DEVICE_FAMILY = "1,2";
				TEST_TARGET_NAME = Storm;
			};
			name = Release;
		};
/* End XCBuildConfiguration section */

/* Begin XCConfigurationList section */
		E0D2AA132C13B5610042535A /* Build configuration list for PBXProject "Storm" */ = {
			isa = XCConfigurationList;
			buildConfigurations = (
				E0D2AA3A2C13B5620042535A /* Debug */,
				E0D2AA3B2C13B5620042535A /* Release */,
			);
			defaultConfigurationIsVisible = 0;
			defaultConfigurationName = Release;
		};
		E0D2AA3C2C13B5620042535A /* Build configuration list for PBXNativeTarget "Storm" */ = {
			isa = XCConfigurationList;
			buildConfigurations = (
				E0D2AA3D2C13B5620042535A /* Debug */,
				E0D2AA3E2C13B5620042535A /* Release */,
			);
			defaultConfigurationIsVisible = 0;
			defaultConfigurationName = Release;
		};
		E0D2AA3F2C13B5620042535A /* Build configuration list for PBXNativeTarget "StormTests" */ = {
			isa = XCConfigurationList;
			buildConfigurations = (
				E0D2AA402C13B5620042535A /* Debug */,
				E0D2AA412C13B5620042535A /* Release */,
			);
			defaultConfigurationIsVisible = 0;
			defaultConfigurationName = Release;
		};
		E0D2AA422C13B5620042535A /* Build configuration list for PBXNativeTarget "StormUITests" */ = {
			isa = XCConfigurationList;
			buildConfigurations = (
				E0D2AA432C13B5620042535A /* Debug */,
				E0D2AA442C13B5620042535A /* Release */,
			);
			defaultConfigurationIsVisible = 0;
			defaultConfigurationName = Release;
		};
/* End XCConfigurationList section */

/* Begin XCRemoteSwiftPackageReference section */
		E0D2AA472C13B6C30042535A /* XCRemoteSwiftPackageReference "firebase-ios-sdk" */ = {
			isa = XCRemoteSwiftPackageReference;
			repositoryURL = "https://github.com/firebase/firebase-ios-sdk";
			requirement = {
				kind = upToNextMajorVersion;
				minimumVersion = 10.27.0;
			};
		};
/* End XCRemoteSwiftPackageReference section */
	};
	rootObject = E0D2AA102C13B5610042535A /* Project object */;
}
