// !$*UTF8*$!
{
	archiveVersion = 1;
	classes = {
	};
	objectVersion = 56;
	objects = {

/* Begin PBXBuildFile section */
		E0D2AA1C2C13B5610042535A /* StormApp.swift in Sources */ = {isa = PBXBuildFile; fileRef = E0D2AA1B2C13B5610042535A /* StormApp.swift */; };
		E0D2AA1E2C13B5610042535A /* ContentView.swift in Sources */ = {isa = PBXBuildFile; fileRef = E0D2AA1D2C13B5610042535A /* ContentView.swift */; };
		E0D2AA202C13B5620042535A /* Assets.xcassets in Resources */ = {isa = PBXBuildFile; fileRef = E0D2AA1F2C13B5620042535A /* Assets.xcassets */; };
		E0D2AA232C13B5620042535A /* Preview Assets.xcassets in Resources */ = {isa = PBXBuildFile; fileRef = E0D2AA222C13B5620042535A /* Preview Assets.xcassets */; };
		E0D2AA2D2C13B5620042535A /* StormTests.swift in Sources */ = {isa = PBXBuildFile; fileRef = E0D2AA2C2C13B5620042535A /* StormTests.swift */; };
		E0D2AA372C13B5620042535A /* StormUITests.swift in Sources */ = {isa = PBXBuildFile; fileRef = E0D2AA362C13B5620042535A /* StormUITests.swift */; };
		E0D2AA392C13B5620042535A /* StormUITestsLaunchTests.swift in Sources */ = {isa = PBXBuildFile; fileRef = E0D2AA382C13B5620042535A /* StormUITestsLaunchTests.swift */; };
		E0D2AA462C13B62F0042535A /* GoogleService-Info.plist in Resources */ = {isa = PBXBuildFile; fileRef = E0D2AA452C13B62F0042535A /* GoogleService-Info.plist */; };
		E0D2AA492C13B6C40042535A /* FirebaseAppCheck in Frameworks */ = {isa = PBXBuildFile; productRef = E0D2AA482C13B6C40042535A /* FirebaseAppCheck */; };
		E0D2AA4B2C13B6C40042535A /* FirebaseAuth in Frameworks */ = {isa = PBXBuildFile; productRef = E0D2AA4A2C13B6C40042535A /* FirebaseAuth */; };
		E0D2AA4D2C13B6C40042535A /* FirebaseFirestore in Frameworks */ = {isa = PBXBuildFile; productRef = E0D2AA4C2C13B6C40042535A /* FirebaseFirestore */; };
		E0D2AA4F2C13B6C40042535A /* FirebaseFirestoreSwift in Frameworks */ = {isa = PBXBuildFile; productRef = E0D2AA4E2C13B6C40042535A /* FirebaseFirestoreSwift */; };
		E0D2AA512C13B6C40042535A /* FirebaseInAppMessaging-Beta in Frameworks */ = {isa = PBXBuildFile; productRef = E0D2AA502C13B6C40042535A /* FirebaseInAppMessaging-Beta */; };
		E0D2AA532C13B6C40042535A /* FirebaseInAppMessagingSwift-Beta in Frameworks */ = {isa = PBXBuildFile; productRef = E0D2AA522C13B6C40042535A /* FirebaseInAppMessagingSwift-Beta */; };
		E0D2AA552C13B6C40042535A /* FirebaseMessaging in Frameworks */ = {isa = PBXBuildFile; productRef = E0D2AA542C13B6C40042535A /* FirebaseMessaging */; };
		E0D2AA572C13B6C40042535A /* FirebaseStorage in Frameworks */ = {isa = PBXBuildFile; productRef = E0D2AA562C13B6C40042535A /* FirebaseStorage */; };
/* End PBXBuildFile section */

/* Begin PBXContainerItemProxy section */
		E0D2AA292C13B5620042535A /* PBXContainerItemProxy */ = {
			isa = PBXContainerItemProxy;
			containerPortal = E0D2AA102C13B5610042535A /* Project object */;
			proxyType = 1;
			remoteGlobalIDString = E0D2AA172C13B5610042535A;
			remoteInfo = Storm;
		};
		E0D2AA332C13B5620042535A /* PBXContainerItemProxy */ = {
			isa = PBXContainerItemProxy;
			containerPortal = E0D2AA102C13B5610042535A /* Project object */;
			proxyType = 1;
			remoteGlobalIDString = E0D2AA172C13B5610042535A;
			remoteInfo = Storm;
		};
/* End PBXContainerItemProxy section */

/* Begin PBXFileReference section */
		E0D2AA182C13B5610042535A /* Storm.app */ = {isa = PBXFileReference; explicitFileType = wrapper.application; includeInIndex = 0; path = Storm.app; sourceTree = BUILT_PRODUCTS_DIR; };
		E0D2AA1B2C13B5610042535A /* StormApp.swift */ = {isa = PBXFileReference; lastKnownFileType = sourcecode.swift; path = StormApp.swift; sourceTree = "<group>"; };
		E0D2AA1D2C13B5610042535A /* ContentView.swift */ = {isa = PBXFileReference; lastKnownFileType = sourcecode.swift; path = ContentView.swift; sourceTree = "<group>"; };
		E0D2AA1F2C13B5620042535A /* Assets.xcassets */ = {isa = PBXFileReference; lastKnownFileType = folder.assetcatalog; path = Assets.xcassets; sourceTree = "<group>"; };
		E0D2AA222C13B5620042535A /* Preview Assets.xcassets */ = {isa = PBXFileReference; lastKnownFileType = folder.assetcatalog; path = "Preview Assets.xcassets"; sourceTree = "<group>"; };
		E0D2AA282C13B5620042535A /* StormTests.xctest */ = {isa = PBXFileReference; explicitFileType = wrapper.cfbundle; includeInIndex = 0; path = StormTests.xctest; sourceTree = BUILT_PRODUCTS_DIR; };
		E0D2AA2C2C13B5620042535A /* StormTests.swift */ = {isa = PBXFileReference; lastKnownFileType = sourcecode.swift; path = StormTests.swift; sourceTree = "<group>"; };
		E0D2AA322C13B5620042535A /* StormUITests.xctest */ = {isa = PBXFileReference; explicitFileType = wrapper.cfbundle; includeInIndex = 0; path = StormUITests.xctest; sourceTree = BUILT_PRODUCTS_DIR; };
		E0D2AA362C13B5620042535A /* StormUITests.swift */ = {isa = PBXFileReference; lastKnownFileType = sourcecode.swift; path = StormUITests.swift; sourceTree = "<group>"; };
		E0D2AA382C13B5620042535A /* StormUITestsLaunchTests.swift */ = {isa = PBXFileReference; lastKnownFileType = sourcecode.swift; path = StormUITestsLaunchTests.swift; sourceTree = "<group>"; };
		E0D2AA452C13B62F0042535A /* GoogleService-Info.plist */ = {isa = PBXFileReference; fileEncoding = 4; lastKnownFileType = text.plist.xml; path = "GoogleService-Info.plist"; sourceTree = "<group>"; };
/* End PBXFileReference section */

/* Begin PBXFrameworksBuildPhase section */
		E0D2AA152C13B5610042535A /* Frameworks */ = {
			isa = PBXFrameworksBuildPhase;
			buildActionMask = 2147483647;
			files = (
				E0D2AA492C13B6C40042535A /* FirebaseAppCheck in Frameworks */,
				E0D2AA4B2C13B6C40042535A /* FirebaseAuth in Frameworks */,
				E0D2AA552C13B6C40042535A /* FirebaseMessaging in Frameworks */,
				E0D2AA4D2C13B6C40042535A /* FirebaseFirestore in Frameworks */,
				E0D2AA4F2C13B6C40042535A /* FirebaseFirestoreSwift in Frameworks */,
				E0D2AA572C13B6C40042535A /* FirebaseStorage in Frameworks */,
				E0D2AA532C13B6C40042535A /* FirebaseInAppMessagingSwift-Beta in Frameworks */,
				E0D2AA512C13B6C40042535A /* FirebaseInAppMessaging-Beta in Frameworks */,
			);
			runOnlyForDeploymentPostprocessing = 0;
		};
		E0D2AA252C13B5620042535A /* Frameworks */ = {
			isa = PBXFrameworksBuildPhase;
			buildActionMask = 2147483647;
			files = (
			);
			runOnlyForDeploymentPostprocessing = 0;
		};
		E0D2AA2F2C13B5620042535A /* Frameworks */ = {
			isa = PBXFrameworksBuildPhase;
			buildActionMask = 2147483647;
			files = (
			);
			runOnlyForDeploymentPostprocessing = 0;
		};
/* End PBXFrameworksBuildPhase section */

/* Begin PBXGroup section */
		E0D2AA0F2C13B5610042535A = {
			isa = PBXGroup;
			children = (
				E0D2AA1A2C13B5610042535A /* Storm */,
				E0D2AA2B2C13B5620042535A /* StormTests */,
				E0D2AA352C13B5620042535A /* StormUITests */,
				E0D2AA192C13B5610042535A /* Products */,
			);
			sourceTree = "<group>";
		};
		E0D2AA192C13B5610042535A /* Products */ = {
			isa = PBXGroup;
			children = (
				E0D2AA182C13B5610042535A /* Storm.app */,
				E0D2AA282C13B5620042535A /* StormTests.xctest */,
				E0D2AA322C13B5620042535A /* StormUITests.xctest */,
			);
			name = Products;
			sourceTree = "<group>";
		};
		E0D2AA1A2C13B5610042535A /* Storm */ = {
			isa = PBXGroup;
			children = (
				E0D2AA452C13B62F0042535A /* GoogleService-Info.plist */,
				E0D2AA1B2C13B5610042535A /* StormApp.swift */,
				E0D2AA1D2C13B5610042535A /* ContentView.swift */,
				E0D2AA1F2C13B5620042535A /* Assets.xcassets */,
				E0D2AA212C13B5620042535A /* Preview Content */,
			);
			path = Storm;
			sourceTree = "<group>";
		};
		E0D2AA212C13B5620042535A /* Preview Content */ = {
			isa = PBXGroup;
			children = (
				E0D2AA222C13B5620042535A /* Preview Assets.xcassets */,
			);
			path = "Preview Content";
			sourceTree = "<group>";
		};
		E0D2AA2B2C13B5620042535A /* StormTests */ = {
			isa = PBXGroup;
			children = (
				E0D2AA2C2C13B5620042535A /* StormTests.swift */,
			);
			path = StormTests;
			sourceTree = "<group>";
		};
		E0D2AA352C13B5620042535A /* StormUITests */ = {
			isa = PBXGroup;
			children = (
				E0D2AA362C13B5620042535A /* StormUITests.swift */,
				E0D2AA382C13B5620042535A /* StormUITestsLaunchTests.swift */,
			);
			path = StormUITests;
			sourceTree = "<group>";
		};
/* End PBXGroup section */

/* Begin PBXNativeTarget section */
		E0D2AA172C13B5610042535A /* Storm */ = {
			isa = PBXNativeTarget;
			buildConfigurationList = E0D2AA3C2C13B5620042535A /* Build configuration list for PBXNativeTarget "Storm" */;
			buildPhases = (
				E0D2AA142C13B5610042535A /* Sources */,
				E0D2AA152C13B5610042535A /* Frameworks */,
				E0D2AA162C13B5610042535A /* Resources */,
			);
			buildRules = (
			);
			dependencies = (
			);
			name = Storm;
			packageProductDependencies = (
				E0D2AA482C13B6C40042535A /* FirebaseAppCheck */,
				E0D2AA4A2C13B6C40042535A /* FirebaseAuth */,
				E0D2AA4C2C13B6C40042535A /* FirebaseFirestore */,
				E0D2AA4E2C13B6C40042535A /* FirebaseFirestoreSwift */,
				E0D2AA502C13B6C40042535A /* FirebaseInAppMessaging-Beta */,
				E0D2AA522C13B6C40042535A /* FirebaseInAppMessagingSwift-Beta */,
				E0D2AA542C13B6C40042535A /* FirebaseMessaging */,
				E0D2AA562C13B6C40042535A /* FirebaseStorage */,
			);
			productName = Storm;
			productReference = E0D2AA182C13B5610042535A /* Storm.app */;
			productType = "com.apple.product-type.application";
		};
		E0D2AA272C13B5620042535A /* StormTests */ = {
			isa = PBXNativeTarget;
			buildConfigurationList = E0D2AA3F2C13B5620042535A /* Build configuration list for PBXNativeTarget "StormTests" */;
			buildPhases = (
				E0D2AA242C13B5620042535A /* Sources */,
				E0D2AA252C13B5620042535A /* Frameworks */,
				E0D2AA262C13B5620042535A /* Resources */,
			);
			buildRules = (
			);
			dependencies = (
				E0D2AA2A2C13B5620042535A /* PBXTargetDependency */,
			);
			name = StormTests;
			productName = StormTests;
			productReference = E0D2AA282C13B5620042535A /* StormTests.xctest */;
			productType = "com.apple.product-type.bundle.unit-test";
		};
		E0D2AA312C13B5620042535A /* StormUITests */ = {
			isa = PBXNativeTarget;
			buildConfigurationList = E0D2AA422C13B5620042535A /* Build configuration list for PBXNativeTarget "StormUITests" */;
			buildPhases = (
				E0D2AA2E2C13B5620042535A /* Sources */,
				E0D2AA2F2C13B5620042535A /* Frameworks */,
				E0D2AA302C13B5620042535A /* Resources */,
			);
			buildRules = (
			);
			dependencies = (
				E0D2AA342C13B5620042535A /* PBXTargetDependency */,
			);
			name = StormUITests;
			productName = StormUITests;
			productReference = E0D2AA322C13B5620042535A /* StormUITests.xctest */;
			productType = "com.apple.product-type.bundle.ui-testing";
		};
/* End PBXNativeTarget section */

/* Begin PBXProject section */
		E0D2AA102C13B5610042535A /* Project object */ = {
			isa = PBXProject;
			attributes = {
				BuildIndependentTargetsInParallel = 1;
				LastSwiftUpdateCheck = 1540;
				LastUpgradeCheck = 1540;
				TargetAttributes = {
					E0D2AA172C13B5610042535A = {
						CreatedOnToolsVersion = 15.4;
					};
					E0D2AA272C13B5620042535A = {
						CreatedOnToolsVersion = 15.4;
						TestTargetID = E0D2AA172C13B5610042535A;
					};
					E0D2AA312C13B5620042535A = {
						CreatedOnToolsVersion = 15.4;
						TestTargetID = E0D2AA172C13B5610042535A;
					};
				};
			};
			buildConfigurationList = E0D2AA132C13B5610042535A /* Build configuration list for PBXProject "Storm" */;
			compatibilityVersion = "Xcode 14.0";
			developmentRegion = en;
			hasScannedForEncodings = 0;
			knownRegions = (
				en,
				Base,
			);
			mainGroup = E0D2AA0F2C13B5610042535A;
			packageReferences = (
				E0D2AA472C13B6C30042535A /* XCRemoteSwiftPackageReference "firebase-ios-sdk" */,
			);
			productRefGroup = E0D2AA192C13B5610042535A /* Products */;
			projectDirPath = "";
			projectRoot = "";
			targets = (
				E0D2AA172C13B5610042535A /* Storm */,
				E0D2AA272C13B5620042535A /* StormTests */,
				E0D2AA312C13B5620042535A /* StormUITests */,
			);
		};
/* End PBXProject section */

/* Begin PBXResourcesBuildPhase section */
		E0D2AA162C13B5610042535A /* Resources */ = {
			isa = PBXResourcesBuildPhase;
			buildActionMask = 2147483647;
			files = (
				E0D2AA232C13B5620042535A /* Preview Assets.xcassets in Resources */,
				E0D2AA202C13B5620042535A /* Assets.xcassets in Resources */,
				E0D2AA462C13B62F0042535A /* GoogleService-Info.plist in Resources */,
			);
			runOnlyForDeploymentPostprocessing = 0;
		};
		E0D2AA262C13B5620042535A /* Resources */ = {
			isa = PBXResourcesBuildPhase;
			buildActionMask = 2147483647;
			files = (
			);
			runOnlyForDeploymentPostprocessing = 0;
		};
		E0D2AA302C13B5620042535A /* Resources */ = {
			isa = PBXResourcesBuildPhase;
			buildActionMask = 2147483647;
			files = (
			);
			runOnlyForDeploymentPostprocessing = 0;
		};
/* End PBXResourcesBuildPhase section */

/* Begin PBXSourcesBuildPhase section */
		E0D2AA142C13B5610042535A /* Sources */ = {
			isa = PBXSourcesBuildPhase;
			buildActionMask = 2147483647;
			files = (
				E0D2AA1E2C13B5610042535A /* ContentView.swift in Sources */,
				E0D2AA1C2C13B5610042535A /* StormApp.swift in Sources */,
			);
			runOnlyForDeploymentPostprocessing = 0;
		};
		E0D2AA242C13B5620042535A /* Sources */ = {
			isa = PBXSourcesBuildPhase;
			buildActionMask = 2147483647;
			files = (
				E0D2AA2D2C13B5620042535A /* StormTests.swift in Sources */,
			);
			runOnlyForDeploymentPostprocessing = 0;
		};
		E0D2AA2E2C13B5620042535A /* Sources */ = {
			isa = PBXSourcesBuildPhase;
			buildActionMask = 2147483647;
			files = (
				E0D2AA392C13B5620042535A /* StormUITestsLaunchTests.swift in Sources */,
				E0D2AA372C13B5620042535A /* StormUITests.swift in Sources */,
			);
			runOnlyForDeploymentPostprocessing = 0;
		};
/* End PBXSourcesBuildPhase section */

/* Begin PBXTargetDependency section */
		E0D2AA2A2C13B5620042535A /* PBXTargetDependency */ = {
			isa = PBXTargetDependency;
			target = E0D2AA172C13B5610042535A /* Storm */;
			targetProxy = E0D2AA292C13B5620042535A /* PBXContainerItemProxy */;
		};
		E0D2AA342C13B5620042535A /* PBXTargetDependency */ = {
			isa = PBXTargetDependency;
			target = E0D2AA172C13B5610042535A /* Storm */;
			targetProxy = E0D2AA332C13B5620042535A /* PBXContainerItemProxy */;
		};
/* End PBXTargetDependency section */

/* Begin XCBuildConfiguration section */
		E0D2AA3A2C13B5620042535A /* Debug */ = {
			isa = XCBuildConfiguration;
			buildSettings = {
				ALWAYS_SEARCH_USER_PATHS = NO;
				ASSETCATALOG_COMPILER_GENERATE_SWIFT_ASSET_SYMBOL_EXTENSIONS = YES;
				CLANG_ANALYZER_NONNULL = YES;
				CLANG_ANALYZER_NUMBER_OBJECT_CONVERSION = YES_AGGRESSIVE;
				CLANG_CXX_LANGUAGE_STANDARD = "gnu++20";
				CLANG_ENABLE_MODULES = YES;
				CLANG_ENABLE_OBJC_ARC = YES;
				CLANG_ENABLE_OBJC_WEAK = YES;
				CLANG_WARN_BLOCK_CAPTURE_AUTORELEASING = YES;
				CLANG_WARN_BOOL_CONVERSION = YES;
				CLANG_WARN_COMMA = YES;
				CLANG_WARN_CONSTANT_CONVERSION = YES;
				CLANG_WARN_DEPRECATED_OBJC_IMPLEMENTATIONS = YES;
				CLANG_WARN_DIRECT_OBJC_ISA_USAGE = YES_ERROR;
				CLANG_WARN_DOCUMENTATION_COMMENTS = YES;
				CLANG_WARN_EMPTY_BODY = YES;
				CLANG_WARN_ENUM_CONVERSION = YES;
				CLANG_WARN_INFINITE_RECURSION = YES;
				CLANG_WARN_INT_CONVERSION = YES;
				CLANG_WARN_NON_LITERAL_NULL_CONVERSION = YES;
				CLANG_WARN_OBJC_IMPLICIT_RETAIN_SELF = YES;
				CLANG_WARN_OBJC_LITERAL_CONVERSION = YES;
				CLANG_WARN_OBJC_ROOT_CLASS = YES_ERROR;
				CLANG_WARN_QUOTED_INCLUDE_IN_FRAMEWORK_HEADER = YES;
				CLANG_WARN_RANGE_LOOP_ANALYSIS = YES;
				CLANG_WARN_STRICT_PROTOTYPES = YES;
				CLANG_WARN_SUSPICIOUS_MOVE = YES;
				CLANG_WARN_UNGUARDED_AVAILABILITY = YES_AGGRESSIVE;
				CLANG_WARN_UNREACHABLE_CODE = YES;
				CLANG_WARN__DUPLICATE_METHOD_MATCH = YES;
				COPY_PHASE_STRIP = NO;
				DEBUG_INFORMATION_FORMAT = dwarf;
				ENABLE_STRICT_OBJC_MSGSEND = YES;
				ENABLE_TESTABILITY = YES;
				ENABLE_USER_SCRIPT_SANDBOXING = YES;
				GCC_C_LANGUAGE_STANDARD = gnu17;
				GCC_DYNAMIC_NO_PIC = NO;
				GCC_NO_COMMON_BLOCKS = YES;
				GCC_OPTIMIZATION_LEVEL = 0;
				GCC_PREPROCESSOR_DEFINITIONS = (
					"DEBUG=1",
					"$(inherited)",
				);
				GCC_WARN_64_TO_32_BIT_CONVERSION = YES;
				GCC_WARN_ABOUT_RETURN_TYPE = YES_ERROR;
				GCC_WARN_UNDECLARED_SELECTOR = YES;
				GCC_WARN_UNINITIALIZED_AUTOS = YES_AGGRESSIVE;
				GCC_WARN_UNUSED_FUNCTION = YES;
				GCC_WARN_UNUSED_VARIABLE = YES;
				IPHONEOS_DEPLOYMENT_TARGET = 17.5;
				LOCALIZATION_PREFERS_STRING_CATALOGS = YES;
				MTL_ENABLE_DEBUG_INFO = INCLUDE_SOURCE;
				MTL_FAST_MATH = YES;
				ONLY_ACTIVE_ARCH = YES;
				SDKROOT = iphoneos;
				SWIFT_ACTIVE_COMPILATION_CONDITIONS = "DEBUG $(inherited)";
				SWIFT_OPTIMIZATION_LEVEL = "-Onone";
			};
			name = Debug;
		};
		E0D2AA3B2C13B5620042535A /* Release */ = {
			isa = XCBuildConfiguration;
			buildSettings = {
				ALWAYS_SEARCH_USER_PATHS = NO;
				ASSETCATALOG_COMPILER_GENERATE_SWIFT_ASSET_SYMBOL_EXTENSIONS = YES;
				CLANG_ANALYZER_NONNULL = YES;
				CLANG_ANALYZER_NUMBER_OBJECT_CONVERSION = YES_AGGRESSIVE;
				CLANG_CXX_LANGUAGE_STANDARD = "gnu++20";
				CLANG_ENABLE_MODULES = YES;
				CLANG_ENABLE_OBJC_ARC = YES;
				CLANG_ENABLE_OBJC_WEAK = YES;
				CLANG_WARN_BLOCK_CAPTURE_AUTORELEASING = YES;
				CLANG_WARN_BOOL_CONVERSION = YES;
				CLANG_WARN_COMMA = YES;
				CLANG_WARN_CONSTANT_CONVERSION = YES;
				CLANG_WARN_DEPRECATED_OBJC_IMPLEMENTATIONS = YES;
				CLANG_WARN_DIRECT_OBJC_ISA_USAGE = YES_ERROR;
				CLANG_WARN_DOCUMENTATION_COMMENTS = YES;
				CLANG_WARN_EMPTY_BODY = YES;
				CLANG_WARN_ENUM_CONVERSION = YES;
				CLANG_WARN_INFINITE_RECURSION = YES;
				CLANG_WARN_INT_CONVERSION = YES;
				CLANG_WARN_NON_LITERAL_NULL_CONVERSION = YES;
				CLANG_WARN_OBJC_IMPLICIT_RETAIN_SELF = YES;
				CLANG_WARN_OBJC_LITERAL_CONVERSION = YES;
				CLANG_WARN_OBJC_ROOT_CLASS = YES_ERROR;
				CLANG_WARN_QUOTED_INCLUDE_IN_FRAMEWORK_HEADER = YES;
				CLANG_WARN_RANGE_LOOP_ANALYSIS = YES;
				CLANG_WARN_STRICT_PROTOTYPES = YES;
				CLANG_WARN_SUSPICIOUS_MOVE = YES;
				CLANG_WARN_UNGUARDED_AVAILABILITY = YES_AGGRESSIVE;
				CLANG_WARN_UNREACHABLE_CODE = YES;
				CLANG_WARN__DUPLICATE_METHOD_MATCH = YES;
				COPY_PHASE_STRIP = NO;
				DEBUG_INFORMATION_FORMAT = "dwarf-with-dsym";
				ENABLE_NS_ASSERTIONS = NO;
				ENABLE_STRICT_OBJC_MSGSEND = YES;
				ENABLE_USER_SCRIPT_SANDBOXING = YES;
				GCC_C_LANGUAGE_STANDARD = gnu17;
				GCC_NO_COMMON_BLOCKS = YES;
				GCC_WARN_64_TO_32_BIT_CONVERSION = YES;
				GCC_WARN_ABOUT_RETURN_TYPE = YES_ERROR;
				GCC_WARN_UNDECLARED_SELECTOR = YES;
				GCC_WARN_UNINITIALIZED_AUTOS = YES_AGGRESSIVE;
				GCC_WARN_UNUSED_FUNCTION = YES;
				GCC_WARN_UNUSED_VARIABLE = YES;
				IPHONEOS_DEPLOYMENT_TARGET = 17.5;
				LOCALIZATION_PREFERS_STRING_CATALOGS = YES;
				MTL_ENABLE_DEBUG_INFO = NO;
				MTL_FAST_MATH = YES;
				SDKROOT = iphoneos;
				SWIFT_COMPILATION_MODE = wholemodule;
				VALIDATE_PRODUCT = YES;
			};
			name = Release;
		};
		E0D2AA3D2C13B5620042535A /* Debug */ = {
			isa = XCBuildConfiguration;
			buildSettings = {
				ASSETCATALOG_COMPILER_APPICON_NAME = AppIcon;
				ASSETCATALOG_COMPILER_GLOBAL_ACCENT_COLOR_NAME = AccentColor;
				CODE_SIGN_STYLE = Automatic;
				CURRENT_PROJECT_VERSION = 1;
				DEVELOPMENT_ASSET_PATHS = "\"Storm/Preview Content\"";
				DEVELOPMENT_TEAM = D2K63N33AC;
				ENABLE_PREVIEWS = YES;
				GENERATE_INFOPLIST_FILE = YES;
				INFOPLIST_KEY_UIApplicationSceneManifest_Generation = YES;
				INFOPLIST_KEY_UIApplicationSupportsIndirectInputEvents = YES;
				INFOPLIST_KEY_UILaunchScreen_Generation = YES;
				INFOPLIST_KEY_UISupportedInterfaceOrientations_iPad = "UIInterfaceOrientationPortrait UIInterfaceOrientationPortraitUpsideDown UIInterfaceOrientationLandscapeLeft UIInterfaceOrientationLandscapeRight";
				INFOPLIST_KEY_UISupportedInterfaceOrientations_iPhone = "UIInterfaceOrientationPortrait UIInterfaceOrientationLandscapeLeft UIInterfaceOrientationLandscapeRight";
				LD_RUNPATH_SEARCH_PATHS = (
					"$(inherited)",
					"@executable_path/Frameworks",
				);
				MARKETING_VERSION = 1.0;
				PRODUCT_BUNDLE_IDENTIFIER = com.azizkzgn.Storm;
				PRODUCT_NAME = "$(TARGET_NAME)";
				SWIFT_EMIT_LOC_STRINGS = YES;
				SWIFT_VERSION = 5.0;
				TARGETED_DEVICE_FAMILY = "1,2";
			};
			name = Debug;
		};
		E0D2AA3E2C13B5620042535A /* Release */ = {
			isa = XCBuildConfiguration;
			buildSettings = {
				ASSETCATALOG_COMPILER_APPICON_NAME = AppIcon;
				ASSETCATALOG_COMPILER_GLOBAL_ACCENT_COLOR_NAME = AccentColor;
				CODE_SIGN_STYLE = Automatic;
				CURRENT_PROJECT_VERSION = 1;
				DEVELOPMENT_ASSET_PATHS = "\"Storm/Preview Content\"";
				DEVELOPMENT_TEAM = D2K63N33AC;
				ENABLE_PREVIEWS = YES;
				GENERATE_INFOPLIST_FILE = YES;
				INFOPLIST_KEY_UIApplicationSceneManifest_Generation = YES;
				INFOPLIST_KEY_UIApplicationSupportsIndirectInputEvents = YES;
				INFOPLIST_KEY_UILaunchScreen_Generation = YES;
				INFOPLIST_KEY_UISupportedInterfaceOrientations_iPad = "UIInterfaceOrientationPortrait UIInterfaceOrientationPortraitUpsideDown UIInterfaceOrientationLandscapeLeft UIInterfaceOrientationLandscapeRight";
				INFOPLIST_KEY_UISupportedInterfaceOrientations_iPhone = "UIInterfaceOrientationPortrait UIInterfaceOrientationLandscapeLeft UIInterfaceOrientationLandscapeRight";
				LD_RUNPATH_SEARCH_PATHS = (
					"$(inherited)",
					"@executable_path/Frameworks",
				);
				MARKETING_VERSION = 1.0;
				PRODUCT_BUNDLE_IDENTIFIER = com.azizkzgn.Storm;
				PRODUCT_NAME = "$(TARGET_NAME)";
				SWIFT_EMIT_LOC_STRINGS = YES;
				SWIFT_VERSION = 5.0;
				TARGETED_DEVICE_FAMILY = "1,2";
			};
			name = Release;
		};
		E0D2AA402C13B5620042535A /* Debug */ = {
			isa = XCBuildConfiguration;
			buildSettings = {
				ALWAYS_EMBED_SWIFT_STANDARD_LIBRARIES = YES;
				BUNDLE_LOADER = "$(TEST_HOST)";
				CODE_SIGN_STYLE = Automatic;
				CURRENT_PROJECT_VERSION = 1;
				DEVELOPMENT_TEAM = D2K63N33AC;
				GENERATE_INFOPLIST_FILE = YES;
				IPHONEOS_DEPLOYMENT_TARGET = 17.5;
				MARKETING_VERSION = 1.0;
				PRODUCT_BUNDLE_IDENTIFIER = com.azizkzgn.StormTests;
				PRODUCT_NAME = "$(TARGET_NAME)";
				SWIFT_EMIT_LOC_STRINGS = NO;
				SWIFT_VERSION = 5.0;
				TARGETED_DEVICE_FAMILY = "1,2";
				TEST_HOST = "$(BUILT_PRODUCTS_DIR)/Storm.app/$(BUNDLE_EXECUTABLE_FOLDER_PATH)/Storm";
			};
			name = Debug;
		};
		E0D2AA412C13B5620042535A /* Release */ = {
			isa = XCBuildConfiguration;
			buildSettings = {
				ALWAYS_EMBED_SWIFT_STANDARD_LIBRARIES = YES;
				BUNDLE_LOADER = "$(TEST_HOST)";
				CODE_SIGN_STYLE = Automatic;
				CURRENT_PROJECT_VERSION = 1;
				DEVELOPMENT_TEAM = D2K63N33AC;
				GENERATE_INFOPLIST_FILE = YES;
				IPHONEOS_DEPLOYMENT_TARGET = 17.5;
				MARKETING_VERSION = 1.0;
				PRODUCT_BUNDLE_IDENTIFIER = com.azizkzgn.StormTests;
				PRODUCT_NAME = "$(TARGET_NAME)";
				SWIFT_EMIT_LOC_STRINGS = NO;
				SWIFT_VERSION = 5.0;
				TARGETED_DEVICE_FAMILY = "1,2";
				TEST_HOST = "$(BUILT_PRODUCTS_DIR)/Storm.app/$(BUNDLE_EXECUTABLE_FOLDER_PATH)/Storm";
			};
			name = Release;
		};
		E0D2AA432C13B5620042535A /* Debug */ = {
			isa = XCBuildConfiguration;
			buildSettings = {
				ALWAYS_EMBED_SWIFT_STANDARD_LIBRARIES = YES;
				CODE_SIGN_STYLE = Automatic;
				CURRENT_PROJECT_VERSION = 1;
				DEVELOPMENT_TEAM = D2K63N33AC;
				GENERATE_INFOPLIST_FILE = YES;
				MARKETING_VERSION = 1.0;
				PRODUCT_BUNDLE_IDENTIFIER = com.azizkzgn.StormUITests;
				PRODUCT_NAME = "$(TARGET_NAME)";
				SWIFT_EMIT_LOC_STRINGS = NO;
				SWIFT_VERSION = 5.0;
				TARGETED_DEVICE_FAMILY = "1,2";
				TEST_TARGET_NAME = Storm;
			};
			name = Debug;
		};
		E0D2AA442C13B5620042535A /* Release */ = {
			isa = XCBuildConfiguration;
			buildSettings = {
				ALWAYS_EMBED_SWIFT_STANDARD_LIBRARIES = YES;
				CODE_SIGN_STYLE = Automatic;
				CURRENT_PROJECT_VERSION = 1;
				DEVELOPMENT_TEAM = D2K63N33AC;
				GENERATE_INFOPLIST_FILE = YES;
				MARKETING_VERSION = 1.0;
				PRODUCT_BUNDLE_IDENTIFIER = com.azizkzgn.StormUITests;
				PRODUCT_NAME = "$(TARGET_NAME)";
				SWIFT_EMIT_LOC_STRINGS = NO;
				SWIFT_VERSION = 5.0;
				TARGETED_DEVICE_FAMILY = "1,2";
				TEST_TARGET_NAME = Storm;
			};
			name = Release;
		};
/* End XCBuildConfiguration section */

/* Begin XCConfigurationList section */
		E0D2AA132C13B5610042535A /* Build configuration list for PBXProject "Storm" */ = {
			isa = XCConfigurationList;
			buildConfigurations = (
				E0D2AA3A2C13B5620042535A /* Debug */,
				E0D2AA3B2C13B5620042535A /* Release */,
			);
			defaultConfigurationIsVisible = 0;
			defaultConfigurationName = Release;
		};
		E0D2AA3C2C13B5620042535A /* Build configuration list for PBXNativeTarget "Storm" */ = {
			isa = XCConfigurationList;
			buildConfigurations = (
				E0D2AA3D2C13B5620042535A /* Debug */,
				E0D2AA3E2C13B5620042535A /* Release */,
			);
			defaultConfigurationIsVisible = 0;
			defaultConfigurationName = Release;
		};
		E0D2AA3F2C13B5620042535A /* Build configuration list for PBXNativeTarget "StormTests" */ = {
			isa = XCConfigurationList;
			buildConfigurations = (
				E0D2AA402C13B5620042535A /* Debug */,
				E0D2AA412C13B5620042535A /* Release */,
			);
			defaultConfigurationIsVisible = 0;
			defaultConfigurationName = Release;
		};
		E0D2AA422C13B5620042535A /* Build configuration list for PBXNativeTarget "StormUITests" */ = {
			isa = XCConfigurationList;
			buildConfigurations = (
				E0D2AA432C13B5620042535A /* Debug */,
				E0D2AA442C13B5620042535A /* Release */,
			);
			defaultConfigurationIsVisible = 0;
			defaultConfigurationName = Release;
		};
/* End XCConfigurationList section */

/* Begin XCRemoteSwiftPackageReference section */
		E0D2AA472C13B6C30042535A /* XCRemoteSwiftPackageReference "firebase-ios-sdk" */ = {
			isa = XCRemoteSwiftPackageReference;
			repositoryURL = "https://github.com/firebase/firebase-ios-sdk";
			requirement = {
				kind = upToNextMajorVersion;
				minimumVersion = 10.27.0;
			};
		};
/* End XCRemoteSwiftPackageReference section */

/* Begin XCSwiftPackageProductDependency section */
		E0D2AA482C13B6C40042535A /* FirebaseAppCheck */ = {
			isa = XCSwiftPackageProductDependency;
			package = E0D2AA472C13B6C30042535A /* XCRemoteSwiftPackageReference "firebase-ios-sdk" */;
			productName = FirebaseAppCheck;
		};
		E0D2AA4A2C13B6C40042535A /* FirebaseAuth */ = {
			isa = XCSwiftPackageProductDependency;
			package = E0D2AA472C13B6C30042535A /* XCRemoteSwiftPackageReference "firebase-ios-sdk" */;
			productName = FirebaseAuth;
		};
		E0D2AA4C2C13B6C40042535A /* FirebaseFirestore */ = {
			isa = XCSwiftPackageProductDependency;
			package = E0D2AA472C13B6C30042535A /* XCRemoteSwiftPackageReference "firebase-ios-sdk" */;
			productName = FirebaseFirestore;
		};
		E0D2AA4E2C13B6C40042535A /* FirebaseFirestoreSwift */ = {
			isa = XCSwiftPackageProductDependency;
			package = E0D2AA472C13B6C30042535A /* XCRemoteSwiftPackageReference "firebase-ios-sdk" */;
			productName = FirebaseFirestoreSwift;
		};
		E0D2AA502C13B6C40042535A /* FirebaseInAppMessaging-Beta */ = {
			isa = XCSwiftPackageProductDependency;
			package = E0D2AA472C13B6C30042535A /* XCRemoteSwiftPackageReference "firebase-ios-sdk" */;
			productName = "FirebaseInAppMessaging-Beta";
		};
		E0D2AA522C13B6C40042535A /* FirebaseInAppMessagingSwift-Beta */ = {
			isa = XCSwiftPackageProductDependency;
			package = E0D2AA472C13B6C30042535A /* XCRemoteSwiftPackageReference "firebase-ios-sdk" */;
			productName = "FirebaseInAppMessagingSwift-Beta";
		};
		E0D2AA542C13B6C40042535A /* FirebaseMessaging */ = {
			isa = XCSwiftPackageProductDependency;
			package = E0D2AA472C13B6C30042535A /* XCRemoteSwiftPackageReference "firebase-ios-sdk" */;
			productName = FirebaseMessaging;
		};
		E0D2AA562C13B6C40042535A /* FirebaseStorage */ = {
			isa = XCSwiftPackageProductDependency;
			package = E0D2AA472C13B6C30042535A /* XCRemoteSwiftPackageReference "firebase-ios-sdk" */;
			productName = FirebaseStorage;
		};
/* End XCSwiftPackageProductDependency section */
	};
	rootObject = E0D2AA102C13B5610042535A /* Project object */;
}
